
Microsoft Visual Studio Solution File, Format Version 12.00
# Visual Studio Version 17
VisualStudioVersion = 17.4.33213.308
MinimumVisualStudioVersion = 10.0.40219.1
Project("{9A19103F-16F7-4668-BE54-9A1E7A4F7556}") = "Exercise01", "Exercise01\Exercise01.csproj", "{C02DE7AB-12C0-427D-8D0C-9A1D234D1FA5}"
EndProject
Project("{9A19103F-16F7-4668-BE54-9A1E7A4F7556}") = "Exercise02", "Exercise02\Exercise02.csproj", "{5B0CD31D-7C29-4475-8530-9AD35B649048}"
EndProject
Project("{9A19103F-16F7-4668-BE54-9A1E7A4F7556}") = "Exercise03", "Exercise03\Exercise03.csproj", "{8C5049F3-E0BA-4D44-9645-CA363B0BD6F1}"
EndProject
Project("{9A19103F-16F7-4668-BE54-9A1E7A4F7556}") = "Exercise04", "Exercise04\Exercise04.csproj", "{5846D89C-76F9-4D94-9634-37E6A5829846}"
EndProject
Project("{9A19103F-16F7-4668-BE54-9A1E7A4F7556}") = "Exercise05", "Exercise05\Exercise05.csproj", "{37870E62-BBF8-4534-9974-09B1E2272D50}"
EndProject
Project("{FAE04EC0-301F-11D3-BF4B-00C04F79EFBC}") = "Exercise06", "Exercise06\Exercise06.csproj", "{65D141A8-9804-49C3-BB72-6F7AF3ABEBA4}"
EndProject
Project("{FAE04EC0-301F-11D3-BF4B-00C04F79EFBC}") = "Exercise06.1", "Exercise06.1\Exercise06.1.csproj", "{5C8D3630-0440-436C-B0ED-33923E2C905B}"
EndProject
Global
	GlobalSection(SolutionConfigurationPlatforms) = preSolution
		Debug|Any CPU = Debug|Any CPU
		Release|Any CPU = Release|Any CPU
	EndGlobalSection
	GlobalSection(ProjectConfigurationPlatforms) = postSolution
		{C02DE7AB-12C0-427D-8D0C-9A1D234D1FA5}.Debug|Any CPU.ActiveCfg = Debug|Any CPU
		{C02DE7AB-12C0-427D-8D0C-9A1D234D1FA5}.Debug|Any CPU.Build.0 = Debug|Any CPU
		{C02DE7AB-12C0-427D-8D0C-9A1D234D1FA5}.Release|Any CPU.ActiveCfg = Release|Any CPU
		{C02DE7AB-12C0-427D-8D0C-9A1D234D1FA5}.Release|Any CPU.Build.0 = Release|Any CPU
		{5B0CD31D-7C29-4475-8530-9AD35B649048}.Debug|Any CPU.ActiveCfg = Debug|Any CPU
		{5B0CD31D-7C29-4475-8530-9AD35B649048}.Debug|Any CPU.Build.0 = Debug|Any CPU
		{5B0CD31D-7C29-4475-8530-9AD35B649048}.Release|Any CPU.ActiveCfg = Release|Any CPU
		{5B0CD31D-7C29-4475-8530-9AD35B649048}.Release|Any CPU.Build.0 = Release|Any CPU
		{8C5049F3-E0BA-4D44-9645-CA363B0BD6F1}.Debug|Any CPU.ActiveCfg = Debug|Any CPU
		{8C5049F3-E0BA-4D44-9645-CA363B0BD6F1}.Debug|Any CPU.Build.0 = Debug|Any CPU
		{8C5049F3-E0BA-4D44-9645-CA363B0BD6F1}.Release|Any CPU.ActiveCfg = Release|Any CPU
		{8C5049F3-E0BA-4D44-9645-CA363B0BD6F1}.Release|Any CPU.Build.0 = Release|Any CPU
		{5846D89C-76F9-4D94-9634-37E6A5829846}.Debug|Any CPU.ActiveCfg = Debug|Any CPU
		{5846D89C-76F9-4D94-9634-37E6A5829846}.Debug|Any CPU.Build.0 = Debug|Any CPU
		{5846D89C-76F9-4D94-9634-37E6A5829846}.Release|Any CPU.ActiveCfg = Release|Any CPU
		{5846D89C-76F9-4D94-9634-37E6A5829846}.Release|Any CPU.Build.0 = Release|Any CPU
		{37870E62-BBF8-4534-9974-09B1E2272D50}.Debug|Any CPU.ActiveCfg = Debug|Any CPU
		{37870E62-BBF8-4534-9974-09B1E2272D50}.Debug|Any CPU.Build.0 = Debug|Any CPU
		{37870E62-BBF8-4534-9974-09B1E2272D50}.Release|Any CPU.ActiveCfg = Release|Any CPU
		{37870E62-BBF8-4534-9974-09B1E2272D50}.Release|Any CPU.Build.0 = Release|Any CPU
		{65D141A8-9804-49C3-BB72-6F7AF3ABEBA4}.Debug|Any CPU.ActiveCfg = Debug|Any CPU
		{65D141A8-9804-49C3-BB72-6F7AF3ABEBA4}.Debug|Any CPU.Build.0 = Debug|Any CPU
		{65D141A8-9804-49C3-BB72-6F7AF3ABEBA4}.Release|Any CPU.ActiveCfg = Release|Any CPU
		{65D141A8-9804-49C3-BB72-6F7AF3ABEBA4}.Release|Any CPU.Build.0 = Release|Any CPU
		{5C8D3630-0440-436C-B0ED-33923E2C905B}.Debug|Any CPU.ActiveCfg = Debug|Any CPU
		{5C8D3630-0440-436C-B0ED-33923E2C905B}.Debug|Any CPU.Build.0 = Debug|Any CPU
		{5C8D3630-0440-436C-B0ED-33923E2C905B}.Release|Any CPU.ActiveCfg = Release|Any CPU
		{5C8D3630-0440-436C-B0ED-33923E2C905B}.Release|Any CPU.Build.0 = Release|Any CPU
	EndGlobalSection
	GlobalSection(SolutionProperties) = preSolution
		HideSolutionNode = FALSE
	EndGlobalSection
	GlobalSection(ExtensibilityGlobals) = postSolution
		SolutionGuid = {260DD875-1CE6-44AA-8D7E-F1098F369982}
	EndGlobalSection
EndGlobal
