
Microsoft Visual Studio Solution File, Format Version 12.00
# Visual Studio Version 17
VisualStudioVersion = 17.3.32929.385
MinimumVisualStudioVersion = 10.0.40219.1
Project("{9A19103F-16F7-4668-BE54-9A1E7A4F7556}") = "BeeCrowd1012", "BeeCrowd\BeeCrowd1012.csproj", "{46203C52-A308-4DFC-A201-723479B126D9}"
EndProject
Project("{9A19103F-16F7-4668-BE54-9A1E7A4F7556}") = "BeeCrowd1000", "BeeCrowd1001\BeeCrowd1000.csproj", "{DF7CE544-4D6C-4E3C-9ECB-974916234443}"
EndProject
Project("{9A19103F-16F7-4668-BE54-9A1E7A4F7556}") = "BeeCrowd1001", "BeeCrowd1002\BeeCrowd1001.csproj", "{6B106D60-7C67-400D-956A-DD0246F5F11C}"
EndProject
Project("{9A19103F-16F7-4668-BE54-9A1E7A4F7556}") = "BeeCrowd1002", "BeeCrowd1003\BeeCrowd1002.csproj", "{75DCF570-DA10-4E72-9E06-D5CC3AFD24FB}"
EndProject
Project("{9A19103F-16F7-4668-BE54-9A1E7A4F7556}") = "BeeCrowd1003", "BeeCrowd1004\BeeCrowd1003.csproj", "{494C1646-4DCB-420E-B325-B37B14FC60D2}"
EndProject
Project("{9A19103F-16F7-4668-BE54-9A1E7A4F7556}") = "BeeCrowd1004", "BeeCrowd1005\BeeCrowd1004.csproj", "{8C21829D-29C2-40E0-BEDD-C2A83FA7C615}"
EndProject
Project("{9A19103F-16F7-4668-BE54-9A1E7A4F7556}") = "BeeCrowd1005", "BeeCrowd1006\BeeCrowd1005.csproj", "{3087B4DD-01AD-4EC1-B515-2334EF25B223}"
EndProject
Project("{9A19103F-16F7-4668-BE54-9A1E7A4F7556}") = "BeeCrowd1006", "BeeCrowd1oo6\BeeCrowd1006.csproj", "{F841FCAF-A728-4C0A-BB3C-12D21777D7CE}"
EndProject
Project("{9A19103F-16F7-4668-BE54-9A1E7A4F7556}") = "BeeCrowd1014", "BeeCrowd1014\BeeCrowd1014.csproj", "{6B15372A-C32A-41CE-AC88-9D45FED34FB4}"
EndProject
Project("{9A19103F-16F7-4668-BE54-9A1E7A4F7556}") = "BeeCrowd1016", "BeeCrowd1016\BeeCrowd1016.csproj", "{344AC48A-4760-4026-897B-A5047FE7758E}"
EndProject
Project("{9A19103F-16F7-4668-BE54-9A1E7A4F7556}") = "Beecrowd1015", "Beecrowd1015\Beecrowd1015.csproj", "{F6E2FE4C-396B-4F81-84B9-7B0BC9DB8674}"
EndProject
Project("{9A19103F-16F7-4668-BE54-9A1E7A4F7556}") = "BeeCrowd1017", "BeeCrowd1017\BeeCrowd1017.csproj", "{D9D496D4-958E-4A4C-A811-512E1B697048}"
EndProject
Project("{9A19103F-16F7-4668-BE54-9A1E7A4F7556}") = "BeeCrowd1018", "BeeCrowd1018\BeeCrowd1018.csproj", "{274C11EF-971D-41F2-96C4-F153D12CB505}"
EndProject
Project("{9A19103F-16F7-4668-BE54-9A1E7A4F7556}") = "BeeCrowd1019", "BeeCrowd1019\BeeCrowd1019.csproj", "{105FB191-9658-4AD0-9625-B8FA12F88A77}"
EndProject
Project("{9A19103F-16F7-4668-BE54-9A1E7A4F7556}") = "BeeCrowd1020", "BeeCrowd1020\BeeCrowd1020.csproj", "{CDA072D6-FA5B-4B33-931F-9E3C08FD3589}"
EndProject
Project("{9A19103F-16F7-4668-BE54-9A1E7A4F7556}") = "BeeCrowd1021", "BeeCrowd1021\BeeCrowd1021.csproj", "{9CBA41BA-AC2E-456F-B247-2A1D01A1601A}"
EndProject
Project("{9A19103F-16F7-4668-BE54-9A1E7A4F7556}") = "BeeCrowd1035", "BeeCrowd1022\BeeCrowd1035.csproj", "{21D8D0BD-21C2-4F87-930A-DD43F64DAA1A}"
EndProject
Project("{9A19103F-16F7-4668-BE54-9A1E7A4F7556}") = "BeeCrowd1036", "BeeCrowd1036\BeeCrowd1036.csproj", "{70EE72ED-9EB3-440F-80FA-A28E243C0613}"
EndProject
Project("{9A19103F-16F7-4668-BE54-9A1E7A4F7556}") = "BeeCrowd1037", "BeeCrowd1037\BeeCrowd1037.csproj", "{64A975D3-9D27-4C76-A207-FD6521E31A96}"
EndProject
Project("{9A19103F-16F7-4668-BE54-9A1E7A4F7556}") = "BeeCrowd1007", "BeeCrowd1007\BeeCrowd1007.csproj", "{58C4F412-2A8C-4B9B-86AE-437E11FFA3A4}"
EndProject
Project("{9A19103F-16F7-4668-BE54-9A1E7A4F7556}") = "BeeCrowd1008", "BeeCrowd1008\BeeCrowd1008.csproj", "{EA327548-E604-40D2-A683-3AC8DB09172F}"
EndProject
Project("{9A19103F-16F7-4668-BE54-9A1E7A4F7556}") = "BeeCrowd1038", "BeeCrowd1038\BeeCrowd1038.csproj", "{4AFAD541-920C-4D94-945A-33A03DEDA5D0}"
EndProject
Project("{9A19103F-16F7-4668-BE54-9A1E7A4F7556}") = "BeeCrowd1009", "BeeCrowd1009\BeeCrowd1009.csproj", "{05F9A21C-9F4F-4A47-92BA-DB4A86422450}"
EndProject
Project("{9A19103F-16F7-4668-BE54-9A1E7A4F7556}") = "BeeCrowd1010", "BeeCrowd1010\BeeCrowd1010.csproj", "{8233839A-E950-4985-9C99-95CD96B4A0F5}"
EndProject
Project("{9A19103F-16F7-4668-BE54-9A1E7A4F7556}") = "BeeCrowd1040", "BeeCrowd1040\BeeCrowd1040.csproj", "{4280C9BE-3766-4E91-9513-6499063C2765}"
EndProject
Project("{9A19103F-16F7-4668-BE54-9A1E7A4F7556}") = "BeeCrowd1042", "BeeCrowd1042\BeeCrowd1042.csproj", "{1D95C13D-7D3C-42E5-BF08-F87E4C2E536B}"
EndProject
Project("{9A19103F-16F7-4668-BE54-9A1E7A4F7556}") = "BeeCrowd1041", "BeeCrowd1041\BeeCrowd1041.csproj", "{E95B0D83-1D25-4CE6-9716-2043E76D5799}"
EndProject
Project("{9A19103F-16F7-4668-BE54-9A1E7A4F7556}") = "BeeCrowd1046", "BeeCrowd1046\BeeCrowd1046.csproj", "{5E35326C-4ADA-4ED0-9249-8340EE83181D}"
EndProject
Project("{9A19103F-16F7-4668-BE54-9A1E7A4F7556}") = "BeeCrowd1048", "BeeCrowd1048\BeeCrowd1048.csproj", "{BA51CCC1-9934-43E8-9CAE-B4765415B043}"
EndProject
Project("{9A19103F-16F7-4668-BE54-9A1E7A4F7556}") = "BeeCrowd1050", "BeeCrowd1050\BeeCrowd1050.csproj", "{46DD7266-E596-4C52-9FB4-59E0DB085531}"
EndProject
Project("{9A19103F-16F7-4668-BE54-9A1E7A4F7556}") = "BeeCrowd1051", "BeeCrowd1051\BeeCrowd1051.csproj", "{27CF99F9-16EB-4036-B42A-6838858F69A1}"
EndProject
Project("{9A19103F-16F7-4668-BE54-9A1E7A4F7556}") = "BeeCrowd1052", "BeeCrowd1052\BeeCrowd1052.csproj", "{ACAD352F-E4CB-4A0F-B4D9-30CCFE6BB2BD}"
EndProject
Project("{9A19103F-16F7-4668-BE54-9A1E7A4F7556}") = "BeeCrowd1059", "BeeCrowd1052repeat\BeeCrowd1059.csproj", "{E709B9AE-268E-4CB5-8070-0DB8E82AB4E3}"
EndProject
Project("{9A19103F-16F7-4668-BE54-9A1E7A4F7556}") = "BeeCrowd1060", "BeeCrowd1060\BeeCrowd1060.csproj", "{D9D5D58F-1F79-4A69-8CF1-BD56D7EAA958}"
EndProject
Project("{9A19103F-16F7-4668-BE54-9A1E7A4F7556}") = "BeeCrowd1067", "BeeCrowd1067\BeeCrowd1067.csproj", "{8803CD38-945D-4243-B44E-D3BBFFD452E3}"
EndProject
Project("{9A19103F-16F7-4668-BE54-9A1E7A4F7556}") = "BeeCrowd1070", "BeeCrowd1070\BeeCrowd1070.csproj", "{D2BB09D0-D1FC-4B4C-B82E-50F6E2BEF8B9}"
EndProject
Project("{9A19103F-16F7-4668-BE54-9A1E7A4F7556}") = "BeeCrowd1073", "BeeCrowd1073\BeeCrowd1073.csproj", "{E83339DC-D5CE-4AAD-B6DA-078BF410F27B}"
EndProject
Project("{9A19103F-16F7-4668-BE54-9A1E7A4F7556}") = "BeeCrwod1064", "BeeCrwod1064\BeeCrwod1064.csproj", "{9262A3F7-941F-415E-9FF9-256DB9146A31}"
EndProject
Project("{9A19103F-16F7-4668-BE54-9A1E7A4F7556}") = "BeeCrwod1065", "BeeCrwod1065\BeeCrwod1065.csproj", "{8DE01C59-FABD-4604-8CC7-D67C50765315}"
EndProject
Project("{9A19103F-16F7-4668-BE54-9A1E7A4F7556}") = "BeeCrowd1011", "BeeCrowd1011\BeeCrowd1011.csproj", "{DF4C10D4-1DCC-40B1-9CE6-C078E89AAC46}"
EndProject
Project("{9A19103F-16F7-4668-BE54-9A1E7A4F7556}") = "BeeCrwod1066", "BeeCrwod1066\BeeCrwod1066.csproj", "{64D680CA-FF49-4426-9963-F20DAA2D4DF9}"
EndProject
Project("{9A19103F-16F7-4668-BE54-9A1E7A4F7556}") = "BeeCrowd1071", "BeeCrowd1071\BeeCrowd1071.csproj", "{D71FE50E-5BE6-4020-ABDD-67A89F668D13}"
EndProject
Project("{9A19103F-16F7-4668-BE54-9A1E7A4F7556}") = "BeeCrowd1075", "BeeCrowd1075\BeeCrowd1075.csproj", "{BD88006F-7278-4209-89F8-62E616D25863}"
EndProject
Project("{9A19103F-16F7-4668-BE54-9A1E7A4F7556}") = "BeeCrowd1078", "BeeCrowd1078\BeeCrowd1078.csproj", "{31A1717C-3259-4754-8E1C-D32A472ED1FB}"
EndProject
Project("{9A19103F-16F7-4668-BE54-9A1E7A4F7556}") = "BeeCrowd1079", "BeeCrowd1079\BeeCrowd1079.csproj", "{47C628CC-3EF4-4AAA-BBD1-9F8133BC1B82}"
EndProject
Project("{9A19103F-16F7-4668-BE54-9A1E7A4F7556}") = "BeeCrowd1080", "BeeCrowd1080\BeeCrowd1080.csproj", "{9D7CBA20-1FFA-44F2-875B-60B27A80F941}"
EndProject
Project("{9A19103F-16F7-4668-BE54-9A1E7A4F7556}") = "BeeCrowd1095", "BeeCrowd1095\BeeCrowd1095.csproj", "{F5F72145-8279-42B2-9E7D-808E00315C63}"
EndProject
Project("{9A19103F-16F7-4668-BE54-9A1E7A4F7556}") = "BeeCrowd1114", "BeeCrowd1114\BeeCrowd1114.csproj", "{8B4ACA6A-B7F8-4B50-85BD-569C61DE2B95}"
EndProject
Project("{9A19103F-16F7-4668-BE54-9A1E7A4F7556}") = "BeeCrwod1115", "BeeCrwod1115\BeeCrwod1115.csproj", "{770DBF66-C99C-4161-8CDE-3F4C441CF41C}"
EndProject
Project("{9A19103F-16F7-4668-BE54-9A1E7A4F7556}") = "BeeCrwod1133", "BeeCrwod1133\BeeCrwod1133.csproj", "{0C074033-DFC6-45AB-9548-7D1721BE2D4E}"
EndProject
Project("{9A19103F-16F7-4668-BE54-9A1E7A4F7556}") = "BeeCrowd1043", "BeeCrowd1043\BeeCrowd1043.csproj", "{26A554A5-4631-4C9D-B007-58BF044F3F34}"
EndProject
Project("{9A19103F-16F7-4668-BE54-9A1E7A4F7556}") = "BeeCrwod1044", "BeeCrwod1044\BeeCrwod1044.csproj", "{2AB47C02-4D95-4B90-BFCD-54B0DDEB93B9}"
EndProject
Project("{9A19103F-16F7-4668-BE54-9A1E7A4F7556}") = "BeeCrowd1045", "BeeCrowd1045\BeeCrowd1045.csproj", "{A664D499-E621-46CC-BAC9-5FAAA85284C0}"
EndProject
Project("{9A19103F-16F7-4668-BE54-9A1E7A4F7556}") = "BeeCrowd1049", "BeeCrowd1049\BeeCrowd1049.csproj", "{21067C6D-3A7F-4322-807E-506B02B0C8F4}"
EndProject
Project("{9A19103F-16F7-4668-BE54-9A1E7A4F7556}") = "BeeCrowd1047", "BeeCrowd1047\BeeCrowd1047.csproj", "{1CB30E88-BFE6-4980-AC62-485A761CD3B8}"
EndProject
Project("{9A19103F-16F7-4668-BE54-9A1E7A4F7556}") = "BeeCrowd1074", "BeeCrowd1074\BeeCrowd1074.csproj", "{10E6F330-E9EC-4D3F-9A56-197ED1DDE3D4}"
EndProject
Project("{9A19103F-16F7-4668-BE54-9A1E7A4F7556}") = "BeeCrowd1094", "BeeCrowd1094\BeeCrowd1094.csproj", "{A438E2F4-BFFF-4401-BDF0-DDEE91B3CE86}"
EndProject
Project("{FAE04EC0-301F-11D3-BF4B-00C04F79EFBC}") = "BeeCrowd1142", "BeeCrowd1142\BeeCrowd1142.csproj", "{FD08A000-F35A-4917-94A1-E73639423510}"
EndProject
Global
	GlobalSection(SolutionConfigurationPlatforms) = preSolution
		Debug|Any CPU = Debug|Any CPU
		Release|Any CPU = Release|Any CPU
	EndGlobalSection
	GlobalSection(ProjectConfigurationPlatforms) = postSolution
		{46203C52-A308-4DFC-A201-723479B126D9}.Debug|Any CPU.ActiveCfg = Debug|Any CPU
		{46203C52-A308-4DFC-A201-723479B126D9}.Debug|Any CPU.Build.0 = Debug|Any CPU
		{46203C52-A308-4DFC-A201-723479B126D9}.Release|Any CPU.ActiveCfg = Release|Any CPU
		{46203C52-A308-4DFC-A201-723479B126D9}.Release|Any CPU.Build.0 = Release|Any CPU
		{DF7CE544-4D6C-4E3C-9ECB-974916234443}.Debug|Any CPU.ActiveCfg = Debug|Any CPU
		{DF7CE544-4D6C-4E3C-9ECB-974916234443}.Debug|Any CPU.Build.0 = Debug|Any CPU
		{DF7CE544-4D6C-4E3C-9ECB-974916234443}.Release|Any CPU.ActiveCfg = Release|Any CPU
		{DF7CE544-4D6C-4E3C-9ECB-974916234443}.Release|Any CPU.Build.0 = Release|Any CPU
		{6B106D60-7C67-400D-956A-DD0246F5F11C}.Debug|Any CPU.ActiveCfg = Debug|Any CPU
		{6B106D60-7C67-400D-956A-DD0246F5F11C}.Debug|Any CPU.Build.0 = Debug|Any CPU
		{6B106D60-7C67-400D-956A-DD0246F5F11C}.Release|Any CPU.ActiveCfg = Release|Any CPU
		{6B106D60-7C67-400D-956A-DD0246F5F11C}.Release|Any CPU.Build.0 = Release|Any CPU
		{75DCF570-DA10-4E72-9E06-D5CC3AFD24FB}.Debug|Any CPU.ActiveCfg = Debug|Any CPU
		{75DCF570-DA10-4E72-9E06-D5CC3AFD24FB}.Debug|Any CPU.Build.0 = Debug|Any CPU
		{75DCF570-DA10-4E72-9E06-D5CC3AFD24FB}.Release|Any CPU.ActiveCfg = Release|Any CPU
		{75DCF570-DA10-4E72-9E06-D5CC3AFD24FB}.Release|Any CPU.Build.0 = Release|Any CPU
		{494C1646-4DCB-420E-B325-B37B14FC60D2}.Debug|Any CPU.ActiveCfg = Debug|Any CPU
		{494C1646-4DCB-420E-B325-B37B14FC60D2}.Debug|Any CPU.Build.0 = Debug|Any CPU
		{494C1646-4DCB-420E-B325-B37B14FC60D2}.Release|Any CPU.ActiveCfg = Release|Any CPU
		{494C1646-4DCB-420E-B325-B37B14FC60D2}.Release|Any CPU.Build.0 = Release|Any CPU
		{8C21829D-29C2-40E0-BEDD-C2A83FA7C615}.Debug|Any CPU.ActiveCfg = Debug|Any CPU
		{8C21829D-29C2-40E0-BEDD-C2A83FA7C615}.Debug|Any CPU.Build.0 = Debug|Any CPU
		{8C21829D-29C2-40E0-BEDD-C2A83FA7C615}.Release|Any CPU.ActiveCfg = Release|Any CPU
		{8C21829D-29C2-40E0-BEDD-C2A83FA7C615}.Release|Any CPU.Build.0 = Release|Any CPU
		{3087B4DD-01AD-4EC1-B515-2334EF25B223}.Debug|Any CPU.ActiveCfg = Debug|Any CPU
		{3087B4DD-01AD-4EC1-B515-2334EF25B223}.Debug|Any CPU.Build.0 = Debug|Any CPU
		{3087B4DD-01AD-4EC1-B515-2334EF25B223}.Release|Any CPU.ActiveCfg = Release|Any CPU
		{3087B4DD-01AD-4EC1-B515-2334EF25B223}.Release|Any CPU.Build.0 = Release|Any CPU
		{F841FCAF-A728-4C0A-BB3C-12D21777D7CE}.Debug|Any CPU.ActiveCfg = Debug|Any CPU
		{F841FCAF-A728-4C0A-BB3C-12D21777D7CE}.Debug|Any CPU.Build.0 = Debug|Any CPU
		{F841FCAF-A728-4C0A-BB3C-12D21777D7CE}.Release|Any CPU.ActiveCfg = Release|Any CPU
		{F841FCAF-A728-4C0A-BB3C-12D21777D7CE}.Release|Any CPU.Build.0 = Release|Any CPU
		{6B15372A-C32A-41CE-AC88-9D45FED34FB4}.Debug|Any CPU.ActiveCfg = Debug|Any CPU
		{6B15372A-C32A-41CE-AC88-9D45FED34FB4}.Debug|Any CPU.Build.0 = Debug|Any CPU
		{6B15372A-C32A-41CE-AC88-9D45FED34FB4}.Release|Any CPU.ActiveCfg = Release|Any CPU
		{6B15372A-C32A-41CE-AC88-9D45FED34FB4}.Release|Any CPU.Build.0 = Release|Any CPU
		{344AC48A-4760-4026-897B-A5047FE7758E}.Debug|Any CPU.ActiveCfg = Debug|Any CPU
		{344AC48A-4760-4026-897B-A5047FE7758E}.Debug|Any CPU.Build.0 = Debug|Any CPU
		{344AC48A-4760-4026-897B-A5047FE7758E}.Release|Any CPU.ActiveCfg = Release|Any CPU
		{344AC48A-4760-4026-897B-A5047FE7758E}.Release|Any CPU.Build.0 = Release|Any CPU
		{F6E2FE4C-396B-4F81-84B9-7B0BC9DB8674}.Debug|Any CPU.ActiveCfg = Debug|Any CPU
		{F6E2FE4C-396B-4F81-84B9-7B0BC9DB8674}.Debug|Any CPU.Build.0 = Debug|Any CPU
		{F6E2FE4C-396B-4F81-84B9-7B0BC9DB8674}.Release|Any CPU.ActiveCfg = Release|Any CPU
		{F6E2FE4C-396B-4F81-84B9-7B0BC9DB8674}.Release|Any CPU.Build.0 = Release|Any CPU
		{D9D496D4-958E-4A4C-A811-512E1B697048}.Debug|Any CPU.ActiveCfg = Debug|Any CPU
		{D9D496D4-958E-4A4C-A811-512E1B697048}.Debug|Any CPU.Build.0 = Debug|Any CPU
		{D9D496D4-958E-4A4C-A811-512E1B697048}.Release|Any CPU.ActiveCfg = Release|Any CPU
		{D9D496D4-958E-4A4C-A811-512E1B697048}.Release|Any CPU.Build.0 = Release|Any CPU
		{274C11EF-971D-41F2-96C4-F153D12CB505}.Debug|Any CPU.ActiveCfg = Debug|Any CPU
		{274C11EF-971D-41F2-96C4-F153D12CB505}.Debug|Any CPU.Build.0 = Debug|Any CPU
		{274C11EF-971D-41F2-96C4-F153D12CB505}.Release|Any CPU.ActiveCfg = Release|Any CPU
		{274C11EF-971D-41F2-96C4-F153D12CB505}.Release|Any CPU.Build.0 = Release|Any CPU
		{105FB191-9658-4AD0-9625-B8FA12F88A77}.Debug|Any CPU.ActiveCfg = Debug|Any CPU
		{105FB191-9658-4AD0-9625-B8FA12F88A77}.Debug|Any CPU.Build.0 = Debug|Any CPU
		{105FB191-9658-4AD0-9625-B8FA12F88A77}.Release|Any CPU.ActiveCfg = Release|Any CPU
		{105FB191-9658-4AD0-9625-B8FA12F88A77}.Release|Any CPU.Build.0 = Release|Any CPU
		{CDA072D6-FA5B-4B33-931F-9E3C08FD3589}.Debug|Any CPU.ActiveCfg = Debug|Any CPU
		{CDA072D6-FA5B-4B33-931F-9E3C08FD3589}.Debug|Any CPU.Build.0 = Debug|Any CPU
		{CDA072D6-FA5B-4B33-931F-9E3C08FD3589}.Release|Any CPU.ActiveCfg = Release|Any CPU
		{CDA072D6-FA5B-4B33-931F-9E3C08FD3589}.Release|Any CPU.Build.0 = Release|Any CPU
		{9CBA41BA-AC2E-456F-B247-2A1D01A1601A}.Debug|Any CPU.ActiveCfg = Debug|Any CPU
		{9CBA41BA-AC2E-456F-B247-2A1D01A1601A}.Debug|Any CPU.Build.0 = Debug|Any CPU
		{9CBA41BA-AC2E-456F-B247-2A1D01A1601A}.Release|Any CPU.ActiveCfg = Release|Any CPU
		{9CBA41BA-AC2E-456F-B247-2A1D01A1601A}.Release|Any CPU.Build.0 = Release|Any CPU
		{21D8D0BD-21C2-4F87-930A-DD43F64DAA1A}.Debug|Any CPU.ActiveCfg = Debug|Any CPU
		{21D8D0BD-21C2-4F87-930A-DD43F64DAA1A}.Debug|Any CPU.Build.0 = Debug|Any CPU
		{21D8D0BD-21C2-4F87-930A-DD43F64DAA1A}.Release|Any CPU.ActiveCfg = Release|Any CPU
		{21D8D0BD-21C2-4F87-930A-DD43F64DAA1A}.Release|Any CPU.Build.0 = Release|Any CPU
		{70EE72ED-9EB3-440F-80FA-A28E243C0613}.Debug|Any CPU.ActiveCfg = Debug|Any CPU
		{70EE72ED-9EB3-440F-80FA-A28E243C0613}.Debug|Any CPU.Build.0 = Debug|Any CPU
		{70EE72ED-9EB3-440F-80FA-A28E243C0613}.Release|Any CPU.ActiveCfg = Release|Any CPU
		{70EE72ED-9EB3-440F-80FA-A28E243C0613}.Release|Any CPU.Build.0 = Release|Any CPU
		{64A975D3-9D27-4C76-A207-FD6521E31A96}.Debug|Any CPU.ActiveCfg = Debug|Any CPU
		{64A975D3-9D27-4C76-A207-FD6521E31A96}.Debug|Any CPU.Build.0 = Debug|Any CPU
		{64A975D3-9D27-4C76-A207-FD6521E31A96}.Release|Any CPU.ActiveCfg = Release|Any CPU
		{64A975D3-9D27-4C76-A207-FD6521E31A96}.Release|Any CPU.Build.0 = Release|Any CPU
		{58C4F412-2A8C-4B9B-86AE-437E11FFA3A4}.Debug|Any CPU.ActiveCfg = Debug|Any CPU
		{58C4F412-2A8C-4B9B-86AE-437E11FFA3A4}.Debug|Any CPU.Build.0 = Debug|Any CPU
		{58C4F412-2A8C-4B9B-86AE-437E11FFA3A4}.Release|Any CPU.ActiveCfg = Release|Any CPU
		{58C4F412-2A8C-4B9B-86AE-437E11FFA3A4}.Release|Any CPU.Build.0 = Release|Any CPU
		{EA327548-E604-40D2-A683-3AC8DB09172F}.Debug|Any CPU.ActiveCfg = Debug|Any CPU
		{EA327548-E604-40D2-A683-3AC8DB09172F}.Debug|Any CPU.Build.0 = Debug|Any CPU
		{EA327548-E604-40D2-A683-3AC8DB09172F}.Release|Any CPU.ActiveCfg = Release|Any CPU
		{EA327548-E604-40D2-A683-3AC8DB09172F}.Release|Any CPU.Build.0 = Release|Any CPU
		{4AFAD541-920C-4D94-945A-33A03DEDA5D0}.Debug|Any CPU.ActiveCfg = Debug|Any CPU
		{4AFAD541-920C-4D94-945A-33A03DEDA5D0}.Debug|Any CPU.Build.0 = Debug|Any CPU
		{4AFAD541-920C-4D94-945A-33A03DEDA5D0}.Release|Any CPU.ActiveCfg = Release|Any CPU
		{4AFAD541-920C-4D94-945A-33A03DEDA5D0}.Release|Any CPU.Build.0 = Release|Any CPU
		{05F9A21C-9F4F-4A47-92BA-DB4A86422450}.Debug|Any CPU.ActiveCfg = Debug|Any CPU
		{05F9A21C-9F4F-4A47-92BA-DB4A86422450}.Debug|Any CPU.Build.0 = Debug|Any CPU
		{05F9A21C-9F4F-4A47-92BA-DB4A86422450}.Release|Any CPU.ActiveCfg = Release|Any CPU
		{05F9A21C-9F4F-4A47-92BA-DB4A86422450}.Release|Any CPU.Build.0 = Release|Any CPU
		{8233839A-E950-4985-9C99-95CD96B4A0F5}.Debug|Any CPU.ActiveCfg = Debug|Any CPU
		{8233839A-E950-4985-9C99-95CD96B4A0F5}.Debug|Any CPU.Build.0 = Debug|Any CPU
		{8233839A-E950-4985-9C99-95CD96B4A0F5}.Release|Any CPU.ActiveCfg = Release|Any CPU
		{8233839A-E950-4985-9C99-95CD96B4A0F5}.Release|Any CPU.Build.0 = Release|Any CPU
		{4280C9BE-3766-4E91-9513-6499063C2765}.Debug|Any CPU.ActiveCfg = Debug|Any CPU
		{4280C9BE-3766-4E91-9513-6499063C2765}.Debug|Any CPU.Build.0 = Debug|Any CPU
		{4280C9BE-3766-4E91-9513-6499063C2765}.Release|Any CPU.ActiveCfg = Release|Any CPU
		{4280C9BE-3766-4E91-9513-6499063C2765}.Release|Any CPU.Build.0 = Release|Any CPU
		{1D95C13D-7D3C-42E5-BF08-F87E4C2E536B}.Debug|Any CPU.ActiveCfg = Debug|Any CPU
		{1D95C13D-7D3C-42E5-BF08-F87E4C2E536B}.Debug|Any CPU.Build.0 = Debug|Any CPU
		{1D95C13D-7D3C-42E5-BF08-F87E4C2E536B}.Release|Any CPU.ActiveCfg = Release|Any CPU
		{1D95C13D-7D3C-42E5-BF08-F87E4C2E536B}.Release|Any CPU.Build.0 = Release|Any CPU
		{E95B0D83-1D25-4CE6-9716-2043E76D5799}.Debug|Any CPU.ActiveCfg = Debug|Any CPU
		{E95B0D83-1D25-4CE6-9716-2043E76D5799}.Debug|Any CPU.Build.0 = Debug|Any CPU
		{E95B0D83-1D25-4CE6-9716-2043E76D5799}.Release|Any CPU.ActiveCfg = Release|Any CPU
		{E95B0D83-1D25-4CE6-9716-2043E76D5799}.Release|Any CPU.Build.0 = Release|Any CPU
		{5E35326C-4ADA-4ED0-9249-8340EE83181D}.Debug|Any CPU.ActiveCfg = Debug|Any CPU
		{5E35326C-4ADA-4ED0-9249-8340EE83181D}.Debug|Any CPU.Build.0 = Debug|Any CPU
		{5E35326C-4ADA-4ED0-9249-8340EE83181D}.Release|Any CPU.ActiveCfg = Release|Any CPU
		{5E35326C-4ADA-4ED0-9249-8340EE83181D}.Release|Any CPU.Build.0 = Release|Any CPU
		{BA51CCC1-9934-43E8-9CAE-B4765415B043}.Debug|Any CPU.ActiveCfg = Debug|Any CPU
		{BA51CCC1-9934-43E8-9CAE-B4765415B043}.Debug|Any CPU.Build.0 = Debug|Any CPU
		{BA51CCC1-9934-43E8-9CAE-B4765415B043}.Release|Any CPU.ActiveCfg = Release|Any CPU
		{BA51CCC1-9934-43E8-9CAE-B4765415B043}.Release|Any CPU.Build.0 = Release|Any CPU
		{46DD7266-E596-4C52-9FB4-59E0DB085531}.Debug|Any CPU.ActiveCfg = Debug|Any CPU
		{46DD7266-E596-4C52-9FB4-59E0DB085531}.Debug|Any CPU.Build.0 = Debug|Any CPU
		{46DD7266-E596-4C52-9FB4-59E0DB085531}.Release|Any CPU.ActiveCfg = Release|Any CPU
		{46DD7266-E596-4C52-9FB4-59E0DB085531}.Release|Any CPU.Build.0 = Release|Any CPU
		{27CF99F9-16EB-4036-B42A-6838858F69A1}.Debug|Any CPU.ActiveCfg = Debug|Any CPU
		{27CF99F9-16EB-4036-B42A-6838858F69A1}.Debug|Any CPU.Build.0 = Debug|Any CPU
		{27CF99F9-16EB-4036-B42A-6838858F69A1}.Release|Any CPU.ActiveCfg = Release|Any CPU
		{27CF99F9-16EB-4036-B42A-6838858F69A1}.Release|Any CPU.Build.0 = Release|Any CPU
		{ACAD352F-E4CB-4A0F-B4D9-30CCFE6BB2BD}.Debug|Any CPU.ActiveCfg = Debug|Any CPU
		{ACAD352F-E4CB-4A0F-B4D9-30CCFE6BB2BD}.Debug|Any CPU.Build.0 = Debug|Any CPU
		{ACAD352F-E4CB-4A0F-B4D9-30CCFE6BB2BD}.Release|Any CPU.ActiveCfg = Release|Any CPU
		{ACAD352F-E4CB-4A0F-B4D9-30CCFE6BB2BD}.Release|Any CPU.Build.0 = Release|Any CPU
		{E709B9AE-268E-4CB5-8070-0DB8E82AB4E3}.Debug|Any CPU.ActiveCfg = Debug|Any CPU
		{E709B9AE-268E-4CB5-8070-0DB8E82AB4E3}.Debug|Any CPU.Build.0 = Debug|Any CPU
		{E709B9AE-268E-4CB5-8070-0DB8E82AB4E3}.Release|Any CPU.ActiveCfg = Release|Any CPU
		{E709B9AE-268E-4CB5-8070-0DB8E82AB4E3}.Release|Any CPU.Build.0 = Release|Any CPU
		{D9D5D58F-1F79-4A69-8CF1-BD56D7EAA958}.Debug|Any CPU.ActiveCfg = Debug|Any CPU
		{D9D5D58F-1F79-4A69-8CF1-BD56D7EAA958}.Debug|Any CPU.Build.0 = Debug|Any CPU
		{D9D5D58F-1F79-4A69-8CF1-BD56D7EAA958}.Release|Any CPU.ActiveCfg = Release|Any CPU
		{D9D5D58F-1F79-4A69-8CF1-BD56D7EAA958}.Release|Any CPU.Build.0 = Release|Any CPU
		{8803CD38-945D-4243-B44E-D3BBFFD452E3}.Debug|Any CPU.ActiveCfg = Debug|Any CPU
		{8803CD38-945D-4243-B44E-D3BBFFD452E3}.Debug|Any CPU.Build.0 = Debug|Any CPU
		{8803CD38-945D-4243-B44E-D3BBFFD452E3}.Release|Any CPU.ActiveCfg = Release|Any CPU
		{8803CD38-945D-4243-B44E-D3BBFFD452E3}.Release|Any CPU.Build.0 = Release|Any CPU
		{D2BB09D0-D1FC-4B4C-B82E-50F6E2BEF8B9}.Debug|Any CPU.ActiveCfg = Debug|Any CPU
		{D2BB09D0-D1FC-4B4C-B82E-50F6E2BEF8B9}.Debug|Any CPU.Build.0 = Debug|Any CPU
		{D2BB09D0-D1FC-4B4C-B82E-50F6E2BEF8B9}.Release|Any CPU.ActiveCfg = Release|Any CPU
		{D2BB09D0-D1FC-4B4C-B82E-50F6E2BEF8B9}.Release|Any CPU.Build.0 = Release|Any CPU
		{E83339DC-D5CE-4AAD-B6DA-078BF410F27B}.Debug|Any CPU.ActiveCfg = Debug|Any CPU
		{E83339DC-D5CE-4AAD-B6DA-078BF410F27B}.Debug|Any CPU.Build.0 = Debug|Any CPU
		{E83339DC-D5CE-4AAD-B6DA-078BF410F27B}.Release|Any CPU.ActiveCfg = Release|Any CPU
		{E83339DC-D5CE-4AAD-B6DA-078BF410F27B}.Release|Any CPU.Build.0 = Release|Any CPU
		{9262A3F7-941F-415E-9FF9-256DB9146A31}.Debug|Any CPU.ActiveCfg = Debug|Any CPU
		{9262A3F7-941F-415E-9FF9-256DB9146A31}.Debug|Any CPU.Build.0 = Debug|Any CPU
		{9262A3F7-941F-415E-9FF9-256DB9146A31}.Release|Any CPU.ActiveCfg = Release|Any CPU
		{9262A3F7-941F-415E-9FF9-256DB9146A31}.Release|Any CPU.Build.0 = Release|Any CPU
		{8DE01C59-FABD-4604-8CC7-D67C50765315}.Debug|Any CPU.ActiveCfg = Debug|Any CPU
		{8DE01C59-FABD-4604-8CC7-D67C50765315}.Debug|Any CPU.Build.0 = Debug|Any CPU
		{8DE01C59-FABD-4604-8CC7-D67C50765315}.Release|Any CPU.ActiveCfg = Release|Any CPU
		{8DE01C59-FABD-4604-8CC7-D67C50765315}.Release|Any CPU.Build.0 = Release|Any CPU
		{DF4C10D4-1DCC-40B1-9CE6-C078E89AAC46}.Debug|Any CPU.ActiveCfg = Debug|Any CPU
		{DF4C10D4-1DCC-40B1-9CE6-C078E89AAC46}.Debug|Any CPU.Build.0 = Debug|Any CPU
		{DF4C10D4-1DCC-40B1-9CE6-C078E89AAC46}.Release|Any CPU.ActiveCfg = Release|Any CPU
		{DF4C10D4-1DCC-40B1-9CE6-C078E89AAC46}.Release|Any CPU.Build.0 = Release|Any CPU
		{64D680CA-FF49-4426-9963-F20DAA2D4DF9}.Debug|Any CPU.ActiveCfg = Debug|Any CPU
		{64D680CA-FF49-4426-9963-F20DAA2D4DF9}.Debug|Any CPU.Build.0 = Debug|Any CPU
		{64D680CA-FF49-4426-9963-F20DAA2D4DF9}.Release|Any CPU.ActiveCfg = Release|Any CPU
		{64D680CA-FF49-4426-9963-F20DAA2D4DF9}.Release|Any CPU.Build.0 = Release|Any CPU
		{D71FE50E-5BE6-4020-ABDD-67A89F668D13}.Debug|Any CPU.ActiveCfg = Debug|Any CPU
		{D71FE50E-5BE6-4020-ABDD-67A89F668D13}.Debug|Any CPU.Build.0 = Debug|Any CPU
		{D71FE50E-5BE6-4020-ABDD-67A89F668D13}.Release|Any CPU.ActiveCfg = Release|Any CPU
		{D71FE50E-5BE6-4020-ABDD-67A89F668D13}.Release|Any CPU.Build.0 = Release|Any CPU
		{BD88006F-7278-4209-89F8-62E616D25863}.Debug|Any CPU.ActiveCfg = Debug|Any CPU
		{BD88006F-7278-4209-89F8-62E616D25863}.Debug|Any CPU.Build.0 = Debug|Any CPU
		{BD88006F-7278-4209-89F8-62E616D25863}.Release|Any CPU.ActiveCfg = Release|Any CPU
		{BD88006F-7278-4209-89F8-62E616D25863}.Release|Any CPU.Build.0 = Release|Any CPU
		{31A1717C-3259-4754-8E1C-D32A472ED1FB}.Debug|Any CPU.ActiveCfg = Debug|Any CPU
		{31A1717C-3259-4754-8E1C-D32A472ED1FB}.Debug|Any CPU.Build.0 = Debug|Any CPU
		{31A1717C-3259-4754-8E1C-D32A472ED1FB}.Release|Any CPU.ActiveCfg = Release|Any CPU
		{31A1717C-3259-4754-8E1C-D32A472ED1FB}.Release|Any CPU.Build.0 = Release|Any CPU
		{47C628CC-3EF4-4AAA-BBD1-9F8133BC1B82}.Debug|Any CPU.ActiveCfg = Debug|Any CPU
		{47C628CC-3EF4-4AAA-BBD1-9F8133BC1B82}.Debug|Any CPU.Build.0 = Debug|Any CPU
		{47C628CC-3EF4-4AAA-BBD1-9F8133BC1B82}.Release|Any CPU.ActiveCfg = Release|Any CPU
		{47C628CC-3EF4-4AAA-BBD1-9F8133BC1B82}.Release|Any CPU.Build.0 = Release|Any CPU
		{9D7CBA20-1FFA-44F2-875B-60B27A80F941}.Debug|Any CPU.ActiveCfg = Debug|Any CPU
		{9D7CBA20-1FFA-44F2-875B-60B27A80F941}.Debug|Any CPU.Build.0 = Debug|Any CPU
		{9D7CBA20-1FFA-44F2-875B-60B27A80F941}.Release|Any CPU.ActiveCfg = Release|Any CPU
		{9D7CBA20-1FFA-44F2-875B-60B27A80F941}.Release|Any CPU.Build.0 = Release|Any CPU
		{F5F72145-8279-42B2-9E7D-808E00315C63}.Debug|Any CPU.ActiveCfg = Debug|Any CPU
		{F5F72145-8279-42B2-9E7D-808E00315C63}.Debug|Any CPU.Build.0 = Debug|Any CPU
		{F5F72145-8279-42B2-9E7D-808E00315C63}.Release|Any CPU.ActiveCfg = Release|Any CPU
		{F5F72145-8279-42B2-9E7D-808E00315C63}.Release|Any CPU.Build.0 = Release|Any CPU
		{8B4ACA6A-B7F8-4B50-85BD-569C61DE2B95}.Debug|Any CPU.ActiveCfg = Debug|Any CPU
		{8B4ACA6A-B7F8-4B50-85BD-569C61DE2B95}.Debug|Any CPU.Build.0 = Debug|Any CPU
		{8B4ACA6A-B7F8-4B50-85BD-569C61DE2B95}.Release|Any CPU.ActiveCfg = Release|Any CPU
		{8B4ACA6A-B7F8-4B50-85BD-569C61DE2B95}.Release|Any CPU.Build.0 = Release|Any CPU
		{770DBF66-C99C-4161-8CDE-3F4C441CF41C}.Debug|Any CPU.ActiveCfg = Debug|Any CPU
		{770DBF66-C99C-4161-8CDE-3F4C441CF41C}.Debug|Any CPU.Build.0 = Debug|Any CPU
		{770DBF66-C99C-4161-8CDE-3F4C441CF41C}.Release|Any CPU.ActiveCfg = Release|Any CPU
		{770DBF66-C99C-4161-8CDE-3F4C441CF41C}.Release|Any CPU.Build.0 = Release|Any CPU
		{0C074033-DFC6-45AB-9548-7D1721BE2D4E}.Debug|Any CPU.ActiveCfg = Debug|Any CPU
		{0C074033-DFC6-45AB-9548-7D1721BE2D4E}.Debug|Any CPU.Build.0 = Debug|Any CPU
		{0C074033-DFC6-45AB-9548-7D1721BE2D4E}.Release|Any CPU.ActiveCfg = Release|Any CPU
		{0C074033-DFC6-45AB-9548-7D1721BE2D4E}.Release|Any CPU.Build.0 = Release|Any CPU
		{26A554A5-4631-4C9D-B007-58BF044F3F34}.Debug|Any CPU.ActiveCfg = Debug|Any CPU
		{26A554A5-4631-4C9D-B007-58BF044F3F34}.Debug|Any CPU.Build.0 = Debug|Any CPU
		{26A554A5-4631-4C9D-B007-58BF044F3F34}.Release|Any CPU.ActiveCfg = Release|Any CPU
		{26A554A5-4631-4C9D-B007-58BF044F3F34}.Release|Any CPU.Build.0 = Release|Any CPU
		{2AB47C02-4D95-4B90-BFCD-54B0DDEB93B9}.Debug|Any CPU.ActiveCfg = Debug|Any CPU
		{2AB47C02-4D95-4B90-BFCD-54B0DDEB93B9}.Debug|Any CPU.Build.0 = Debug|Any CPU
		{2AB47C02-4D95-4B90-BFCD-54B0DDEB93B9}.Release|Any CPU.ActiveCfg = Release|Any CPU
		{2AB47C02-4D95-4B90-BFCD-54B0DDEB93B9}.Release|Any CPU.Build.0 = Release|Any CPU
		{A664D499-E621-46CC-BAC9-5FAAA85284C0}.Debug|Any CPU.ActiveCfg = Debug|Any CPU
		{A664D499-E621-46CC-BAC9-5FAAA85284C0}.Debug|Any CPU.Build.0 = Debug|Any CPU
		{A664D499-E621-46CC-BAC9-5FAAA85284C0}.Release|Any CPU.ActiveCfg = Release|Any CPU
		{A664D499-E621-46CC-BAC9-5FAAA85284C0}.Release|Any CPU.Build.0 = Release|Any CPU
		{21067C6D-3A7F-4322-807E-506B02B0C8F4}.Debug|Any CPU.ActiveCfg = Debug|Any CPU
		{21067C6D-3A7F-4322-807E-506B02B0C8F4}.Debug|Any CPU.Build.0 = Debug|Any CPU
		{21067C6D-3A7F-4322-807E-506B02B0C8F4}.Release|Any CPU.ActiveCfg = Release|Any CPU
		{21067C6D-3A7F-4322-807E-506B02B0C8F4}.Release|Any CPU.Build.0 = Release|Any CPU
		{1CB30E88-BFE6-4980-AC62-485A761CD3B8}.Debug|Any CPU.ActiveCfg = Debug|Any CPU
		{1CB30E88-BFE6-4980-AC62-485A761CD3B8}.Debug|Any CPU.Build.0 = Debug|Any CPU
		{1CB30E88-BFE6-4980-AC62-485A761CD3B8}.Release|Any CPU.ActiveCfg = Release|Any CPU
		{1CB30E88-BFE6-4980-AC62-485A761CD3B8}.Release|Any CPU.Build.0 = Release|Any CPU
		{10E6F330-E9EC-4D3F-9A56-197ED1DDE3D4}.Debug|Any CPU.ActiveCfg = Debug|Any CPU
		{10E6F330-E9EC-4D3F-9A56-197ED1DDE3D4}.Debug|Any CPU.Build.0 = Debug|Any CPU
		{10E6F330-E9EC-4D3F-9A56-197ED1DDE3D4}.Release|Any CPU.ActiveCfg = Release|Any CPU
		{10E6F330-E9EC-4D3F-9A56-197ED1DDE3D4}.Release|Any CPU.Build.0 = Release|Any CPU
		{A438E2F4-BFFF-4401-BDF0-DDEE91B3CE86}.Debug|Any CPU.ActiveCfg = Debug|Any CPU
		{A438E2F4-BFFF-4401-BDF0-DDEE91B3CE86}.Debug|Any CPU.Build.0 = Debug|Any CPU
		{A438E2F4-BFFF-4401-BDF0-DDEE91B3CE86}.Release|Any CPU.ActiveCfg = Release|Any CPU
		{A438E2F4-BFFF-4401-BDF0-DDEE91B3CE86}.Release|Any CPU.Build.0 = Release|Any CPU
		{FD08A000-F35A-4917-94A1-E73639423510}.Debug|Any CPU.ActiveCfg = Debug|Any CPU
		{FD08A000-F35A-4917-94A1-E73639423510}.Debug|Any CPU.Build.0 = Debug|Any CPU
		{FD08A000-F35A-4917-94A1-E73639423510}.Release|Any CPU.ActiveCfg = Release|Any CPU
		{FD08A000-F35A-4917-94A1-E73639423510}.Release|Any CPU.Build.0 = Release|Any CPU
	EndGlobalSection
	GlobalSection(SolutionProperties) = preSolution
		HideSolutionNode = FALSE
	EndGlobalSection
	GlobalSection(ExtensibilityGlobals) = postSolution
		SolutionGuid = {2A624D2E-7155-4E7A-9B05-F97FB3886FC3}
	EndGlobalSection
EndGlobal
