
Microsoft Visual Studio Solution File, Format Version 12.00
# Visual Studio Version 17
VisualStudioVersion = 17.4.33213.308
MinimumVisualStudioVersion = 10.0.40219.1
Project("{9A19103F-16F7-4668-BE54-9A1E7A4F7556}") = "01Watermelon", "01Watermelon\01Watermelon.csproj", "{02F5AC83-FEC3-4A34-93C7-6E1BD55A6C9C}"
EndProject
Project("{9A19103F-16F7-4668-BE54-9A1E7A4F7556}") = "02WayTooLongWords", "02WayTooLongWords\02WayTooLongWords.csproj", "{9B35D6A7-423A-4B86-910D-BB0A93826368}"
EndProject
Project("{9A19103F-16F7-4668-BE54-9A1E7A4F7556}") = "03A.Team", "03A.Team\03A.Team.csproj", "{B42BD71F-33B7-43C8-8C91-99AA123DAA99}"
EndProject
Project("{9A19103F-16F7-4668-BE54-9A1E7A4F7556}") = "A.TheatreSquare", "A.TheatreSquare\A.TheatreSquare.csproj", "{69D56715-A1B6-4478-A9E6-6EA982B225E4}"
EndProject
Project("{9A19103F-16F7-4668-BE54-9A1E7A4F7556}") = "A.NextRound", "A.NextRound\A.NextRound.csproj", "{E1AA3097-130C-444C-AC2F-EE4E03DF6405}"
EndProject
Project("{9A19103F-16F7-4668-BE54-9A1E7A4F7556}") = "aBit++", "aBit++\aBit++.csproj", "{50724F7A-E012-4630-9D8F-C64648496D18}"
EndProject
Project("{9A19103F-16F7-4668-BE54-9A1E7A4F7556}") = "A.BeutifulMatrix", "A.BeutifulMatrix\A.BeutifulMatrix.csproj", "{0F023A2B-47BA-4ACC-97F7-10E3619BFC48}"
EndProject
Project("{9A19103F-16F7-4668-BE54-9A1E7A4F7556}") = "A.PetyaString", "A.PetyaString\A.PetyaString.csproj", "{C9C6A825-F00C-4EFA-9AEE-57A4DF97056E}"
EndProject
Project("{9A19103F-16F7-4668-BE54-9A1E7A4F7556}") = "A.HelpfulMaths", "A.HelpfulMaths\A.HelpfulMaths.csproj", "{162516DB-7F26-46CD-8402-2A7A0BE716A0}"
EndProject
Project("{9A19103F-16F7-4668-BE54-9A1E7A4F7556}") = "A.WordCapitalization", "A.WordCapitalization\A.WordCapitalization.csproj", "{91181E62-CBAD-4618-91AE-4F16051DE983}"
EndProject
Project("{9A19103F-16F7-4668-BE54-9A1E7A4F7556}") = "A.BoyOrGirl", "A.BoyOrGirl\A.BoyOrGirl.csproj", "{C6F33613-51F9-4EF0-802B-37A26074D273}"
EndProject
Project("{9A19103F-16F7-4668-BE54-9A1E7A4F7556}") = "A.StringTask", "A.StringTask\A.StringTask.csproj", "{60D114B4-5D56-4F7B-B0EF-BD70A235746E}"
EndProject
Project("{9A19103F-16F7-4668-BE54-9A1E7A4F7556}") = "A.StoneOnTable", "A.StoneOnTable\A.StoneOnTable.csproj", "{2204A9B0-832E-475B-9623-C7EF83BCD418}"
EndProject
Project("{9A19103F-16F7-4668-BE54-9A1E7A4F7556}") = "A.BearAndBigBrother", "A.BearAndBigBrother\A.BearAndBigBrother.csproj", "{FEDDF4DF-6536-4FC6-98E7-A32BE0CEE227}"
EndProject
Project("{9A19103F-16F7-4668-BE54-9A1E7A4F7556}") = "A.SoldirBananas", "A.SoldirBananas\A.SoldirBananas.csproj", "{5677D4A7-E53E-468D-82EF-DC5CCCA86534}"
EndProject
Project("{9A19103F-16F7-4668-BE54-9A1E7A4F7556}") = "A.Word", "A.Word\A.Word.csproj", "{BA975CDE-4929-4255-B8C9-3E6ACF41ADBE}"
EndProject
Project("{9A19103F-16F7-4668-BE54-9A1E7A4F7556}") = "A.Football", "A.Football\A.Football.csproj", "{A2343DF4-3A37-4C77-A73C-426A4BFF90D2}"
EndProject
Project("{9A19103F-16F7-4668-BE54-9A1E7A4F7556}") = "A.AntonAndDanik", "A.AntonAndDanik\A.AntonAndDanik.csproj", "{12666FB3-047C-41E3-B580-4E710B5DC464}"
EndProject
Project("{FAE04EC0-301F-11D3-BF4B-00C04F79EFBC}") = "A.BeutifullYear", "A.BeutifullYear\A.BeutifullYear.csproj", "{FB72E308-90E7-4A9C-B904-BEE02C747F7C}"
EndProject
Global
	GlobalSection(SolutionConfigurationPlatforms) = preSolution
		Debug|Any CPU = Debug|Any CPU
		Release|Any CPU = Release|Any CPU
	EndGlobalSection
	GlobalSection(ProjectConfigurationPlatforms) = postSolution
		{02F5AC83-FEC3-4A34-93C7-6E1BD55A6C9C}.Debug|Any CPU.ActiveCfg = Debug|Any CPU
		{02F5AC83-FEC3-4A34-93C7-6E1BD55A6C9C}.Debug|Any CPU.Build.0 = Debug|Any CPU
		{02F5AC83-FEC3-4A34-93C7-6E1BD55A6C9C}.Release|Any CPU.ActiveCfg = Release|Any CPU
		{02F5AC83-FEC3-4A34-93C7-6E1BD55A6C9C}.Release|Any CPU.Build.0 = Release|Any CPU
		{9B35D6A7-423A-4B86-910D-BB0A93826368}.Debug|Any CPU.ActiveCfg = Debug|Any CPU
		{9B35D6A7-423A-4B86-910D-BB0A93826368}.Debug|Any CPU.Build.0 = Debug|Any CPU
		{9B35D6A7-423A-4B86-910D-BB0A93826368}.Release|Any CPU.ActiveCfg = Release|Any CPU
		{9B35D6A7-423A-4B86-910D-BB0A93826368}.Release|Any CPU.Build.0 = Release|Any CPU
		{B42BD71F-33B7-43C8-8C91-99AA123DAA99}.Debug|Any CPU.ActiveCfg = Debug|Any CPU
		{B42BD71F-33B7-43C8-8C91-99AA123DAA99}.Debug|Any CPU.Build.0 = Debug|Any CPU
		{B42BD71F-33B7-43C8-8C91-99AA123DAA99}.Release|Any CPU.ActiveCfg = Release|Any CPU
		{B42BD71F-33B7-43C8-8C91-99AA123DAA99}.Release|Any CPU.Build.0 = Release|Any CPU
		{69D56715-A1B6-4478-A9E6-6EA982B225E4}.Debug|Any CPU.ActiveCfg = Debug|Any CPU
		{69D56715-A1B6-4478-A9E6-6EA982B225E4}.Debug|Any CPU.Build.0 = Debug|Any CPU
		{69D56715-A1B6-4478-A9E6-6EA982B225E4}.Release|Any CPU.ActiveCfg = Release|Any CPU
		{69D56715-A1B6-4478-A9E6-6EA982B225E4}.Release|Any CPU.Build.0 = Release|Any CPU
		{E1AA3097-130C-444C-AC2F-EE4E03DF6405}.Debug|Any CPU.ActiveCfg = Debug|Any CPU
		{E1AA3097-130C-444C-AC2F-EE4E03DF6405}.Debug|Any CPU.Build.0 = Debug|Any CPU
		{E1AA3097-130C-444C-AC2F-EE4E03DF6405}.Release|Any CPU.ActiveCfg = Release|Any CPU
		{E1AA3097-130C-444C-AC2F-EE4E03DF6405}.Release|Any CPU.Build.0 = Release|Any CPU
		{50724F7A-E012-4630-9D8F-C64648496D18}.Debug|Any CPU.ActiveCfg = Debug|Any CPU
		{50724F7A-E012-4630-9D8F-C64648496D18}.Debug|Any CPU.Build.0 = Debug|Any CPU
		{50724F7A-E012-4630-9D8F-C64648496D18}.Release|Any CPU.ActiveCfg = Release|Any CPU
		{50724F7A-E012-4630-9D8F-C64648496D18}.Release|Any CPU.Build.0 = Release|Any CPU
		{0F023A2B-47BA-4ACC-97F7-10E3619BFC48}.Debug|Any CPU.ActiveCfg = Debug|Any CPU
		{0F023A2B-47BA-4ACC-97F7-10E3619BFC48}.Debug|Any CPU.Build.0 = Debug|Any CPU
		{0F023A2B-47BA-4ACC-97F7-10E3619BFC48}.Release|Any CPU.ActiveCfg = Release|Any CPU
		{0F023A2B-47BA-4ACC-97F7-10E3619BFC48}.Release|Any CPU.Build.0 = Release|Any CPU
		{C9C6A825-F00C-4EFA-9AEE-57A4DF97056E}.Debug|Any CPU.ActiveCfg = Debug|Any CPU
		{C9C6A825-F00C-4EFA-9AEE-57A4DF97056E}.Debug|Any CPU.Build.0 = Debug|Any CPU
		{C9C6A825-F00C-4EFA-9AEE-57A4DF97056E}.Release|Any CPU.ActiveCfg = Release|Any CPU
		{C9C6A825-F00C-4EFA-9AEE-57A4DF97056E}.Release|Any CPU.Build.0 = Release|Any CPU
		{162516DB-7F26-46CD-8402-2A7A0BE716A0}.Debug|Any CPU.ActiveCfg = Debug|Any CPU
		{162516DB-7F26-46CD-8402-2A7A0BE716A0}.Debug|Any CPU.Build.0 = Debug|Any CPU
		{162516DB-7F26-46CD-8402-2A7A0BE716A0}.Release|Any CPU.ActiveCfg = Release|Any CPU
		{162516DB-7F26-46CD-8402-2A7A0BE716A0}.Release|Any CPU.Build.0 = Release|Any CPU
		{91181E62-CBAD-4618-91AE-4F16051DE983}.Debug|Any CPU.ActiveCfg = Debug|Any CPU
		{91181E62-CBAD-4618-91AE-4F16051DE983}.Debug|Any CPU.Build.0 = Debug|Any CPU
		{91181E62-CBAD-4618-91AE-4F16051DE983}.Release|Any CPU.ActiveCfg = Release|Any CPU
		{91181E62-CBAD-4618-91AE-4F16051DE983}.Release|Any CPU.Build.0 = Release|Any CPU
		{C6F33613-51F9-4EF0-802B-37A26074D273}.Debug|Any CPU.ActiveCfg = Debug|Any CPU
		{C6F33613-51F9-4EF0-802B-37A26074D273}.Debug|Any CPU.Build.0 = Debug|Any CPU
		{C6F33613-51F9-4EF0-802B-37A26074D273}.Release|Any CPU.ActiveCfg = Release|Any CPU
		{C6F33613-51F9-4EF0-802B-37A26074D273}.Release|Any CPU.Build.0 = Release|Any CPU
		{60D114B4-5D56-4F7B-B0EF-BD70A235746E}.Debug|Any CPU.ActiveCfg = Debug|Any CPU
		{60D114B4-5D56-4F7B-B0EF-BD70A235746E}.Debug|Any CPU.Build.0 = Debug|Any CPU
		{60D114B4-5D56-4F7B-B0EF-BD70A235746E}.Release|Any CPU.ActiveCfg = Release|Any CPU
		{60D114B4-5D56-4F7B-B0EF-BD70A235746E}.Release|Any CPU.Build.0 = Release|Any CPU
		{2204A9B0-832E-475B-9623-C7EF83BCD418}.Debug|Any CPU.ActiveCfg = Debug|Any CPU
		{2204A9B0-832E-475B-9623-C7EF83BCD418}.Debug|Any CPU.Build.0 = Debug|Any CPU
		{2204A9B0-832E-475B-9623-C7EF83BCD418}.Release|Any CPU.ActiveCfg = Release|Any CPU
		{2204A9B0-832E-475B-9623-C7EF83BCD418}.Release|Any CPU.Build.0 = Release|Any CPU
		{FEDDF4DF-6536-4FC6-98E7-A32BE0CEE227}.Debug|Any CPU.ActiveCfg = Debug|Any CPU
		{FEDDF4DF-6536-4FC6-98E7-A32BE0CEE227}.Debug|Any CPU.Build.0 = Debug|Any CPU
		{FEDDF4DF-6536-4FC6-98E7-A32BE0CEE227}.Release|Any CPU.ActiveCfg = Release|Any CPU
		{FEDDF4DF-6536-4FC6-98E7-A32BE0CEE227}.Release|Any CPU.Build.0 = Release|Any CPU
		{5677D4A7-E53E-468D-82EF-DC5CCCA86534}.Debug|Any CPU.ActiveCfg = Debug|Any CPU
		{5677D4A7-E53E-468D-82EF-DC5CCCA86534}.Debug|Any CPU.Build.0 = Debug|Any CPU
		{5677D4A7-E53E-468D-82EF-DC5CCCA86534}.Release|Any CPU.ActiveCfg = Release|Any CPU
		{5677D4A7-E53E-468D-82EF-DC5CCCA86534}.Release|Any CPU.Build.0 = Release|Any CPU
		{BA975CDE-4929-4255-B8C9-3E6ACF41ADBE}.Debug|Any CPU.ActiveCfg = Debug|Any CPU
		{BA975CDE-4929-4255-B8C9-3E6ACF41ADBE}.Debug|Any CPU.Build.0 = Debug|Any CPU
		{BA975CDE-4929-4255-B8C9-3E6ACF41ADBE}.Release|Any CPU.ActiveCfg = Release|Any CPU
		{BA975CDE-4929-4255-B8C9-3E6ACF41ADBE}.Release|Any CPU.Build.0 = Release|Any CPU
		{A2343DF4-3A37-4C77-A73C-426A4BFF90D2}.Debug|Any CPU.ActiveCfg = Debug|Any CPU
		{A2343DF4-3A37-4C77-A73C-426A4BFF90D2}.Debug|Any CPU.Build.0 = Debug|Any CPU
		{A2343DF4-3A37-4C77-A73C-426A4BFF90D2}.Release|Any CPU.ActiveCfg = Release|Any CPU
		{A2343DF4-3A37-4C77-A73C-426A4BFF90D2}.Release|Any CPU.Build.0 = Release|Any CPU
		{12666FB3-047C-41E3-B580-4E710B5DC464}.Debug|Any CPU.ActiveCfg = Debug|Any CPU
		{12666FB3-047C-41E3-B580-4E710B5DC464}.Debug|Any CPU.Build.0 = Debug|Any CPU
		{12666FB3-047C-41E3-B580-4E710B5DC464}.Release|Any CPU.ActiveCfg = Release|Any CPU
		{12666FB3-047C-41E3-B580-4E710B5DC464}.Release|Any CPU.Build.0 = Release|Any CPU
		{FB72E308-90E7-4A9C-B904-BEE02C747F7C}.Debug|Any CPU.ActiveCfg = Debug|Any CPU
		{FB72E308-90E7-4A9C-B904-BEE02C747F7C}.Debug|Any CPU.Build.0 = Debug|Any CPU
		{FB72E308-90E7-4A9C-B904-BEE02C747F7C}.Release|Any CPU.ActiveCfg = Release|Any CPU
		{FB72E308-90E7-4A9C-B904-BEE02C747F7C}.Release|Any CPU.Build.0 = Release|Any CPU
	EndGlobalSection
	GlobalSection(SolutionProperties) = preSolution
		HideSolutionNode = FALSE
	EndGlobalSection
	GlobalSection(ExtensibilityGlobals) = postSolution
		SolutionGuid = {498B6800-92F3-4BBD-8530-1D1FC6AEBC82}
	EndGlobalSection
EndGlobal
