
Microsoft Visual Studio Solution File, Format Version 12.00
# Visual Studio Version 17
VisualStudioVersion = 17.4.33213.308
MinimumVisualStudioVersion = 10.0.40219.1
Project("{9A19103F-16F7-4668-BE54-9A1E7A4F7556}") = "Exercise01", "Exercise01\Exercise01.csproj", "{F6A11E0E-B3D0-4642-9BA1-7962BAD86AB3}"
EndProject
Project("{9A19103F-16F7-4668-BE54-9A1E7A4F7556}") = "Exercise02", "Exercise02\Exercise02.csproj", "{6EAE73E0-3C4F-475A-8A57-0676F8AB0F6C}"
EndProject
Project("{9A19103F-16F7-4668-BE54-9A1E7A4F7556}") = "Exercise03", "Exercise03\Exercise03.csproj", "{5FD0F6E4-1100-4C27-8855-F169E5A8901C}"
EndProject
Project("{FAE04EC0-301F-11D3-BF4B-00C04F79EFBC}") = "Exercise04", "Exercise04\Exercise04.csproj", "{62854D1A-CC0B-4948-B6CC-A33B123F273A}"
EndProject
Global
	GlobalSection(SolutionConfigurationPlatforms) = preSolution
		Debug|Any CPU = Debug|Any CPU
		Release|Any CPU = Release|Any CPU
	EndGlobalSection
	GlobalSection(ProjectConfigurationPlatforms) = postSolution
		{F6A11E0E-B3D0-4642-9BA1-7962BAD86AB3}.Debug|Any CPU.ActiveCfg = Debug|Any CPU
		{F6A11E0E-B3D0-4642-9BA1-7962BAD86AB3}.Debug|Any CPU.Build.0 = Debug|Any CPU
		{F6A11E0E-B3D0-4642-9BA1-7962BAD86AB3}.Release|Any CPU.ActiveCfg = Release|Any CPU
		{F6A11E0E-B3D0-4642-9BA1-7962BAD86AB3}.Release|Any CPU.Build.0 = Release|Any CPU
		{6EAE73E0-3C4F-475A-8A57-0676F8AB0F6C}.Debug|Any CPU.ActiveCfg = Debug|Any CPU
		{6EAE73E0-3C4F-475A-8A57-0676F8AB0F6C}.Debug|Any CPU.Build.0 = Debug|Any CPU
		{6EAE73E0-3C4F-475A-8A57-0676F8AB0F6C}.Release|Any CPU.ActiveCfg = Release|Any CPU
		{6EAE73E0-3C4F-475A-8A57-0676F8AB0F6C}.Release|Any CPU.Build.0 = Release|Any CPU
		{5FD0F6E4-1100-4C27-8855-F169E5A8901C}.Debug|Any CPU.ActiveCfg = Debug|Any CPU
		{5FD0F6E4-1100-4C27-8855-F169E5A8901C}.Debug|Any CPU.Build.0 = Debug|Any CPU
		{5FD0F6E4-1100-4C27-8855-F169E5A8901C}.Release|Any CPU.ActiveCfg = Release|Any CPU
		{5FD0F6E4-1100-4C27-8855-F169E5A8901C}.Release|Any CPU.Build.0 = Release|Any CPU
		{62854D1A-CC0B-4948-B6CC-A33B123F273A}.Debug|Any CPU.ActiveCfg = Debug|Any CPU
		{62854D1A-CC0B-4948-B6CC-A33B123F273A}.Debug|Any CPU.Build.0 = Debug|Any CPU
		{62854D1A-CC0B-4948-B6CC-A33B123F273A}.Release|Any CPU.ActiveCfg = Release|Any CPU
		{62854D1A-CC0B-4948-B6CC-A33B123F273A}.Release|Any CPU.Build.0 = Release|Any CPU
	EndGlobalSection
	GlobalSection(SolutionProperties) = preSolution
		HideSolutionNode = FALSE
	EndGlobalSection
	GlobalSection(ExtensibilityGlobals) = postSolution
		SolutionGuid = {F0DDA828-00A1-4D9C-ABC6-8F0AEE0BDA23}
	EndGlobalSection
EndGlobal
