
Microsoft Visual Studio Solution File, Format Version 12.00
# Visual Studio Version 17
VisualStudioVersion = 17.4.33213.308
MinimumVisualStudioVersion = 10.0.40219.1
Project("{9A19103F-16F7-4668-BE54-9A1E7A4F7556}") = "01HelloWorld", "HelloWorld\01HelloWorld.csproj", "{EC74D5BC-7FCF-4F63-B356-657C4A11EE2D}"
EndProject
Project("{9A19103F-16F7-4668-BE54-9A1E7A4F7556}") = "02DataTypes", "02DataTypes\02DataTypes.csproj", "{AD13CC82-C930-4A3C-B18D-91372356AFB6}"
EndProject
Project("{9A19103F-16F7-4668-BE54-9A1E7A4F7556}") = "03Array", "03Array\03Array.csproj", "{A4DBFE13-33EE-4025-BB01-7A97C1C10ACB}"
EndProject
Project("{9A19103F-16F7-4668-BE54-9A1E7A4F7556}") = "04InputOutput", "04InputOutput\04InputOutput.csproj", "{EFC98CBA-CE2D-49EC-A7AF-8EF0FE2F0F74}"
EndProject
Project("{9A19103F-16F7-4668-BE54-9A1E7A4F7556}") = "05Operator", "05Operator\05Operator.csproj", "{0AA8E088-30DD-48EC-AEDF-466DBA3050FB}"
EndProject
Project("{9A19103F-16F7-4668-BE54-9A1E7A4F7556}") = "06ConditionalStatements", "06ConditionalStatements\06ConditionalStatements.csproj", "{4BAFF15C-5CF2-452C-BFB4-11FCAA4640BA}"
EndProject
Project("{9A19103F-16F7-4668-BE54-9A1E7A4F7556}") = "07Loop", "07Loop\07Loop.csproj", "{E865975F-A487-4E8F-9E0F-AF24037F5017}"
EndProject
Project("{9A19103F-16F7-4668-BE54-9A1E7A4F7556}") = "08Methods", "08Methods\08Methods.csproj", "{D04957A4-9F72-4260-AF40-DFAFF2F53A90}"
EndProject
Project("{9A19103F-16F7-4668-BE54-9A1E7A4F7556}") = "09ClassExamples", "09ClassExamples\09ClassExamples.csproj", "{12B8EA4A-312A-4237-82DA-D0EBFA3F565E}"
EndProject
Project("{9A19103F-16F7-4668-BE54-9A1E7A4F7556}") = "10InheritenceExample", "10InheritenceExample\10InheritenceExample.csproj", "{D493884D-955F-4DF8-BFF5-7C8DCFC23EAD}"
EndProject
Project("{9A19103F-16F7-4668-BE54-9A1E7A4F7556}") = "11TestProject", "11TestProject\11TestProject.csproj", "{2442FD7A-7141-4B35-BAD5-8905AF2C7455}"
EndProject
Project("{9A19103F-16F7-4668-BE54-9A1E7A4F7556}") = "12ExampleOFstatic", "12ExampleOFstatic\12ExampleOFstatic.csproj", "{D9002AE4-8113-4874-A7D9-6B46B93CA022}"
EndProject
Project("{9A19103F-16F7-4668-BE54-9A1E7A4F7556}") = "13AbstractClassAndInheritenceExample", "AbstractClassAndInheritenceExample\13AbstractClassAndInheritenceExample.csproj", "{CA7CC62A-A51B-4685-B7DB-8120F90C1352}"
EndProject
Project("{9A19103F-16F7-4668-BE54-9A1E7A4F7556}") = "14InterfaceExample", "13InterfaceExample\14InterfaceExample.csproj", "{EC4DE5D1-C0CD-4567-BB30-8B009819CDE0}"
EndProject
Project("{9A19103F-16F7-4668-BE54-9A1E7A4F7556}") = "Exercise01", "Exercise01\Exercise01.csproj", "{3FB9BD2C-BEED-4575-85FF-5574C48FB6CC}"
EndProject
Project("{9A19103F-16F7-4668-BE54-9A1E7A4F7556}") = "Exercise02", "Exercise02\Exercise02.csproj", "{D3B51021-3A9F-46AC-8839-3A882F57E097}"
EndProject
Project("{9A19103F-16F7-4668-BE54-9A1E7A4F7556}") = "15SealedAndNew-Keyword", "15SealedAndNew-Keyword\15SealedAndNew-Keyword.csproj", "{091E2B17-79BD-4520-B68F-B2CDB7F5CE59}"
EndProject
Project("{9A19103F-16F7-4668-BE54-9A1E7A4F7556}") = "16PartialClassExample", "PartialClassExample\16PartialClassExample.csproj", "{8155AE8D-BA36-4074-A3B6-354F74D633B1}"
EndProject
Project("{9A19103F-16F7-4668-BE54-9A1E7A4F7556}") = "17StructureExample", "17StructureExample\17StructureExample.csproj", "{F1852A26-09E1-4657-B4E1-8D3795B38F8C}"
EndProject
Project("{9A19103F-16F7-4668-BE54-9A1E7A4F7556}") = "18EnumExample", "18EnumExample\18EnumExample.csproj", "{EDC42953-E7B5-403A-AECD-140FAABAA217}"
EndProject
Project("{9A19103F-16F7-4668-BE54-9A1E7A4F7556}") = "19DatetimeExample", "DatetimeExample\19DatetimeExample.csproj", "{154892D7-1A8D-45CB-BE84-2DF8416E7A83}"
EndProject
Project("{9A19103F-16F7-4668-BE54-9A1E7A4F7556}") = "20StringBuilder", "20StringBuilder\20StringBuilder.csproj", "{87019140-AB54-455A-8B84-BC6720F93F53}"
EndProject
Project("{9A19103F-16F7-4668-BE54-9A1E7A4F7556}") = "21ParameterModifier", "21ParameterModifier\21ParameterModifier.csproj", "{155BA5B2-44FE-4EB5-B2B2-C0F5725C9773}"
EndProject
Project("{9A19103F-16F7-4668-BE54-9A1E7A4F7556}") = "22Tuple", "22Tuple\22Tuple.csproj", "{9B84CECF-897C-4064-8C54-D871EFDF65E5}"
EndProject
Project("{FAE04EC0-301F-11D3-BF4B-00C04F79EFBC}") = "23AnonymousObject", "23AnonymousObject\23AnonymousObject.csproj", "{2B6BC3C3-8271-4F41-AC35-059C202BA3F8}"
EndProject
Project("{FAE04EC0-301F-11D3-BF4B-00C04F79EFBC}") = "24NullableType", "24NullableType\24NullableType.csproj", "{F0E0B00B-ED59-45A2-BF7E-CAEE013D71D7}"
EndProject
Global
	GlobalSection(SolutionConfigurationPlatforms) = preSolution
		Debug|Any CPU = Debug|Any CPU
		Release|Any CPU = Release|Any CPU
	EndGlobalSection
	GlobalSection(ProjectConfigurationPlatforms) = postSolution
		{EC74D5BC-7FCF-4F63-B356-657C4A11EE2D}.Debug|Any CPU.ActiveCfg = Debug|Any CPU
		{EC74D5BC-7FCF-4F63-B356-657C4A11EE2D}.Debug|Any CPU.Build.0 = Debug|Any CPU
		{EC74D5BC-7FCF-4F63-B356-657C4A11EE2D}.Release|Any CPU.ActiveCfg = Release|Any CPU
		{EC74D5BC-7FCF-4F63-B356-657C4A11EE2D}.Release|Any CPU.Build.0 = Release|Any CPU
		{AD13CC82-C930-4A3C-B18D-91372356AFB6}.Debug|Any CPU.ActiveCfg = Debug|Any CPU
		{AD13CC82-C930-4A3C-B18D-91372356AFB6}.Debug|Any CPU.Build.0 = Debug|Any CPU
		{AD13CC82-C930-4A3C-B18D-91372356AFB6}.Release|Any CPU.ActiveCfg = Release|Any CPU
		{AD13CC82-C930-4A3C-B18D-91372356AFB6}.Release|Any CPU.Build.0 = Release|Any CPU
		{A4DBFE13-33EE-4025-BB01-7A97C1C10ACB}.Debug|Any CPU.ActiveCfg = Debug|Any CPU
		{A4DBFE13-33EE-4025-BB01-7A97C1C10ACB}.Debug|Any CPU.Build.0 = Debug|Any CPU
		{A4DBFE13-33EE-4025-BB01-7A97C1C10ACB}.Release|Any CPU.ActiveCfg = Release|Any CPU
		{A4DBFE13-33EE-4025-BB01-7A97C1C10ACB}.Release|Any CPU.Build.0 = Release|Any CPU
		{EFC98CBA-CE2D-49EC-A7AF-8EF0FE2F0F74}.Debug|Any CPU.ActiveCfg = Debug|Any CPU
		{EFC98CBA-CE2D-49EC-A7AF-8EF0FE2F0F74}.Debug|Any CPU.Build.0 = Debug|Any CPU
		{EFC98CBA-CE2D-49EC-A7AF-8EF0FE2F0F74}.Release|Any CPU.ActiveCfg = Release|Any CPU
		{EFC98CBA-CE2D-49EC-A7AF-8EF0FE2F0F74}.Release|Any CPU.Build.0 = Release|Any CPU
		{0AA8E088-30DD-48EC-AEDF-466DBA3050FB}.Debug|Any CPU.ActiveCfg = Debug|Any CPU
		{0AA8E088-30DD-48EC-AEDF-466DBA3050FB}.Debug|Any CPU.Build.0 = Debug|Any CPU
		{0AA8E088-30DD-48EC-AEDF-466DBA3050FB}.Release|Any CPU.ActiveCfg = Release|Any CPU
		{0AA8E088-30DD-48EC-AEDF-466DBA3050FB}.Release|Any CPU.Build.0 = Release|Any CPU
		{4BAFF15C-5CF2-452C-BFB4-11FCAA4640BA}.Debug|Any CPU.ActiveCfg = Debug|Any CPU
		{4BAFF15C-5CF2-452C-BFB4-11FCAA4640BA}.Debug|Any CPU.Build.0 = Debug|Any CPU
		{4BAFF15C-5CF2-452C-BFB4-11FCAA4640BA}.Release|Any CPU.ActiveCfg = Release|Any CPU
		{4BAFF15C-5CF2-452C-BFB4-11FCAA4640BA}.Release|Any CPU.Build.0 = Release|Any CPU
		{E865975F-A487-4E8F-9E0F-AF24037F5017}.Debug|Any CPU.ActiveCfg = Debug|Any CPU
		{E865975F-A487-4E8F-9E0F-AF24037F5017}.Debug|Any CPU.Build.0 = Debug|Any CPU
		{E865975F-A487-4E8F-9E0F-AF24037F5017}.Release|Any CPU.ActiveCfg = Release|Any CPU
		{E865975F-A487-4E8F-9E0F-AF24037F5017}.Release|Any CPU.Build.0 = Release|Any CPU
		{D04957A4-9F72-4260-AF40-DFAFF2F53A90}.Debug|Any CPU.ActiveCfg = Debug|Any CPU
		{D04957A4-9F72-4260-AF40-DFAFF2F53A90}.Debug|Any CPU.Build.0 = Debug|Any CPU
		{D04957A4-9F72-4260-AF40-DFAFF2F53A90}.Release|Any CPU.ActiveCfg = Release|Any CPU
		{D04957A4-9F72-4260-AF40-DFAFF2F53A90}.Release|Any CPU.Build.0 = Release|Any CPU
		{12B8EA4A-312A-4237-82DA-D0EBFA3F565E}.Debug|Any CPU.ActiveCfg = Debug|Any CPU
		{12B8EA4A-312A-4237-82DA-D0EBFA3F565E}.Debug|Any CPU.Build.0 = Debug|Any CPU
		{12B8EA4A-312A-4237-82DA-D0EBFA3F565E}.Release|Any CPU.ActiveCfg = Release|Any CPU
		{12B8EA4A-312A-4237-82DA-D0EBFA3F565E}.Release|Any CPU.Build.0 = Release|Any CPU
		{D493884D-955F-4DF8-BFF5-7C8DCFC23EAD}.Debug|Any CPU.ActiveCfg = Debug|Any CPU
		{D493884D-955F-4DF8-BFF5-7C8DCFC23EAD}.Debug|Any CPU.Build.0 = Debug|Any CPU
		{D493884D-955F-4DF8-BFF5-7C8DCFC23EAD}.Release|Any CPU.ActiveCfg = Release|Any CPU
		{D493884D-955F-4DF8-BFF5-7C8DCFC23EAD}.Release|Any CPU.Build.0 = Release|Any CPU
		{2442FD7A-7141-4B35-BAD5-8905AF2C7455}.Debug|Any CPU.ActiveCfg = Debug|Any CPU
		{2442FD7A-7141-4B35-BAD5-8905AF2C7455}.Debug|Any CPU.Build.0 = Debug|Any CPU
		{2442FD7A-7141-4B35-BAD5-8905AF2C7455}.Release|Any CPU.ActiveCfg = Release|Any CPU
		{2442FD7A-7141-4B35-BAD5-8905AF2C7455}.Release|Any CPU.Build.0 = Release|Any CPU
		{D9002AE4-8113-4874-A7D9-6B46B93CA022}.Debug|Any CPU.ActiveCfg = Debug|Any CPU
		{D9002AE4-8113-4874-A7D9-6B46B93CA022}.Debug|Any CPU.Build.0 = Debug|Any CPU
		{D9002AE4-8113-4874-A7D9-6B46B93CA022}.Release|Any CPU.ActiveCfg = Release|Any CPU
		{D9002AE4-8113-4874-A7D9-6B46B93CA022}.Release|Any CPU.Build.0 = Release|Any CPU
		{CA7CC62A-A51B-4685-B7DB-8120F90C1352}.Debug|Any CPU.ActiveCfg = Debug|Any CPU
		{CA7CC62A-A51B-4685-B7DB-8120F90C1352}.Debug|Any CPU.Build.0 = Debug|Any CPU
		{CA7CC62A-A51B-4685-B7DB-8120F90C1352}.Release|Any CPU.ActiveCfg = Release|Any CPU
		{CA7CC62A-A51B-4685-B7DB-8120F90C1352}.Release|Any CPU.Build.0 = Release|Any CPU
		{EC4DE5D1-C0CD-4567-BB30-8B009819CDE0}.Debug|Any CPU.ActiveCfg = Debug|Any CPU
		{EC4DE5D1-C0CD-4567-BB30-8B009819CDE0}.Debug|Any CPU.Build.0 = Debug|Any CPU
		{EC4DE5D1-C0CD-4567-BB30-8B009819CDE0}.Release|Any CPU.ActiveCfg = Release|Any CPU
		{EC4DE5D1-C0CD-4567-BB30-8B009819CDE0}.Release|Any CPU.Build.0 = Release|Any CPU
		{3FB9BD2C-BEED-4575-85FF-5574C48FB6CC}.Debug|Any CPU.ActiveCfg = Debug|Any CPU
		{3FB9BD2C-BEED-4575-85FF-5574C48FB6CC}.Debug|Any CPU.Build.0 = Debug|Any CPU
		{3FB9BD2C-BEED-4575-85FF-5574C48FB6CC}.Release|Any CPU.ActiveCfg = Release|Any CPU
		{3FB9BD2C-BEED-4575-85FF-5574C48FB6CC}.Release|Any CPU.Build.0 = Release|Any CPU
		{D3B51021-3A9F-46AC-8839-3A882F57E097}.Debug|Any CPU.ActiveCfg = Debug|Any CPU
		{D3B51021-3A9F-46AC-8839-3A882F57E097}.Debug|Any CPU.Build.0 = Debug|Any CPU
		{D3B51021-3A9F-46AC-8839-3A882F57E097}.Release|Any CPU.ActiveCfg = Release|Any CPU
		{D3B51021-3A9F-46AC-8839-3A882F57E097}.Release|Any CPU.Build.0 = Release|Any CPU
		{091E2B17-79BD-4520-B68F-B2CDB7F5CE59}.Debug|Any CPU.ActiveCfg = Debug|Any CPU
		{091E2B17-79BD-4520-B68F-B2CDB7F5CE59}.Debug|Any CPU.Build.0 = Debug|Any CPU
		{091E2B17-79BD-4520-B68F-B2CDB7F5CE59}.Release|Any CPU.ActiveCfg = Release|Any CPU
		{091E2B17-79BD-4520-B68F-B2CDB7F5CE59}.Release|Any CPU.Build.0 = Release|Any CPU
		{8155AE8D-BA36-4074-A3B6-354F74D633B1}.Debug|Any CPU.ActiveCfg = Debug|Any CPU
		{8155AE8D-BA36-4074-A3B6-354F74D633B1}.Debug|Any CPU.Build.0 = Debug|Any CPU
		{8155AE8D-BA36-4074-A3B6-354F74D633B1}.Release|Any CPU.ActiveCfg = Release|Any CPU
		{8155AE8D-BA36-4074-A3B6-354F74D633B1}.Release|Any CPU.Build.0 = Release|Any CPU
		{F1852A26-09E1-4657-B4E1-8D3795B38F8C}.Debug|Any CPU.ActiveCfg = Debug|Any CPU
		{F1852A26-09E1-4657-B4E1-8D3795B38F8C}.Debug|Any CPU.Build.0 = Debug|Any CPU
		{F1852A26-09E1-4657-B4E1-8D3795B38F8C}.Release|Any CPU.ActiveCfg = Release|Any CPU
		{F1852A26-09E1-4657-B4E1-8D3795B38F8C}.Release|Any CPU.Build.0 = Release|Any CPU
		{EDC42953-E7B5-403A-AECD-140FAABAA217}.Debug|Any CPU.ActiveCfg = Debug|Any CPU
		{EDC42953-E7B5-403A-AECD-140FAABAA217}.Debug|Any CPU.Build.0 = Debug|Any CPU
		{EDC42953-E7B5-403A-AECD-140FAABAA217}.Release|Any CPU.ActiveCfg = Release|Any CPU
		{EDC42953-E7B5-403A-AECD-140FAABAA217}.Release|Any CPU.Build.0 = Release|Any CPU
		{154892D7-1A8D-45CB-BE84-2DF8416E7A83}.Debug|Any CPU.ActiveCfg = Debug|Any CPU
		{154892D7-1A8D-45CB-BE84-2DF8416E7A83}.Debug|Any CPU.Build.0 = Debug|Any CPU
		{154892D7-1A8D-45CB-BE84-2DF8416E7A83}.Release|Any CPU.ActiveCfg = Release|Any CPU
		{154892D7-1A8D-45CB-BE84-2DF8416E7A83}.Release|Any CPU.Build.0 = Release|Any CPU
		{87019140-AB54-455A-8B84-BC6720F93F53}.Debug|Any CPU.ActiveCfg = Debug|Any CPU
		{87019140-AB54-455A-8B84-BC6720F93F53}.Debug|Any CPU.Build.0 = Debug|Any CPU
		{87019140-AB54-455A-8B84-BC6720F93F53}.Release|Any CPU.ActiveCfg = Release|Any CPU
		{87019140-AB54-455A-8B84-BC6720F93F53}.Release|Any CPU.Build.0 = Release|Any CPU
		{155BA5B2-44FE-4EB5-B2B2-C0F5725C9773}.Debug|Any CPU.ActiveCfg = Debug|Any CPU
		{155BA5B2-44FE-4EB5-B2B2-C0F5725C9773}.Debug|Any CPU.Build.0 = Debug|Any CPU
		{155BA5B2-44FE-4EB5-B2B2-C0F5725C9773}.Release|Any CPU.ActiveCfg = Release|Any CPU
		{155BA5B2-44FE-4EB5-B2B2-C0F5725C9773}.Release|Any CPU.Build.0 = Release|Any CPU
		{9B84CECF-897C-4064-8C54-D871EFDF65E5}.Debug|Any CPU.ActiveCfg = Debug|Any CPU
		{9B84CECF-897C-4064-8C54-D871EFDF65E5}.Debug|Any CPU.Build.0 = Debug|Any CPU
		{9B84CECF-897C-4064-8C54-D871EFDF65E5}.Release|Any CPU.ActiveCfg = Release|Any CPU
		{9B84CECF-897C-4064-8C54-D871EFDF65E5}.Release|Any CPU.Build.0 = Release|Any CPU
		{2B6BC3C3-8271-4F41-AC35-059C202BA3F8}.Debug|Any CPU.ActiveCfg = Debug|Any CPU
		{2B6BC3C3-8271-4F41-AC35-059C202BA3F8}.Debug|Any CPU.Build.0 = Debug|Any CPU
		{2B6BC3C3-8271-4F41-AC35-059C202BA3F8}.Release|Any CPU.ActiveCfg = Release|Any CPU
		{2B6BC3C3-8271-4F41-AC35-059C202BA3F8}.Release|Any CPU.Build.0 = Release|Any CPU
		{F0E0B00B-ED59-45A2-BF7E-CAEE013D71D7}.Debug|Any CPU.ActiveCfg = Debug|Any CPU
		{F0E0B00B-ED59-45A2-BF7E-CAEE013D71D7}.Debug|Any CPU.Build.0 = Debug|Any CPU
		{F0E0B00B-ED59-45A2-BF7E-CAEE013D71D7}.Release|Any CPU.ActiveCfg = Release|Any CPU
		{F0E0B00B-ED59-45A2-BF7E-CAEE013D71D7}.Release|Any CPU.Build.0 = Release|Any CPU
	EndGlobalSection
	GlobalSection(SolutionProperties) = preSolution
		HideSolutionNode = FALSE
	EndGlobalSection
	GlobalSection(ExtensibilityGlobals) = postSolution
		SolutionGuid = {9C966F3B-6FC4-4250-977D-2C40EB83B221}
	EndGlobalSection
EndGlobal
