
Microsoft Visual Studio Solution File, Format Version 12.00
# Visual Studio Version 17
VisualStudioVersion = 17.4.33213.308
MinimumVisualStudioVersion = 10.0.40219.1
Project("{9A19103F-16F7-4668-BE54-9A1E7A4F7556}") = "01HelloWorld", "HelloWorld\01HelloWorld.csproj", "{EC74D5BC-7FCF-4F63-B356-657C4A11EE2D}"
EndProject
Project("{9A19103F-16F7-4668-BE54-9A1E7A4F7556}") = "02DataTypes", "02DataTypes\02DataTypes.csproj", "{AD13CC82-C930-4A3C-B18D-91372356AFB6}"
EndProject
Project("{9A19103F-16F7-4668-BE54-9A1E7A4F7556}") = "03Array", "03Array\03Array.csproj", "{A4DBFE13-33EE-4025-BB01-7A97C1C10ACB}"
EndProject
Project("{9A19103F-16F7-4668-BE54-9A1E7A4F7556}") = "04InputOutput", "04InputOutput\04InputOutput.csproj", "{EFC98CBA-CE2D-49EC-A7AF-8EF0FE2F0F74}"
EndProject
Project("{9A19103F-16F7-4668-BE54-9A1E7A4F7556}") = "05Operator", "05Operator\05Operator.csproj", "{0AA8E088-30DD-48EC-AEDF-466DBA3050FB}"
EndProject
Project("{9A19103F-16F7-4668-BE54-9A1E7A4F7556}") = "06ConditionalStatements", "06ConditionalStatements\06ConditionalStatements.csproj", "{4BAFF15C-5CF2-452C-BFB4-11FCAA4640BA}"
EndProject
Project("{9A19103F-16F7-4668-BE54-9A1E7A4F7556}") = "07Loop", "07Loop\07Loop.csproj", "{E865975F-A487-4E8F-9E0F-AF24037F5017}"
EndProject
Project("{9A19103F-16F7-4668-BE54-9A1E7A4F7556}") = "08Methods", "08Methods\08Methods.csproj", "{D04957A4-9F72-4260-AF40-DFAFF2F53A90}"
EndProject
Project("{9A19103F-16F7-4668-BE54-9A1E7A4F7556}") = "09ClassExamples", "09ClassExamples\09ClassExamples.csproj", "{12B8EA4A-312A-4237-82DA-D0EBFA3F565E}"
EndProject
Project("{FAE04EC0-301F-11D3-BF4B-00C04F79EFBC}") = "10InheritenceExample", "10InheritenceExample\10InheritenceExample.csproj", "{D493884D-955F-4DF8-BFF5-7C8DCFC23EAD}"
EndProject
Global
	GlobalSection(SolutionConfigurationPlatforms) = preSolution
		Debug|Any CPU = Debug|Any CPU
		Release|Any CPU = Release|Any CPU
	EndGlobalSection
	GlobalSection(ProjectConfigurationPlatforms) = postSolution
		{EC74D5BC-7FCF-4F63-B356-657C4A11EE2D}.Debug|Any CPU.ActiveCfg = Debug|Any CPU
		{EC74D5BC-7FCF-4F63-B356-657C4A11EE2D}.Debug|Any CPU.Build.0 = Debug|Any CPU
		{EC74D5BC-7FCF-4F63-B356-657C4A11EE2D}.Release|Any CPU.ActiveCfg = Release|Any CPU
		{EC74D5BC-7FCF-4F63-B356-657C4A11EE2D}.Release|Any CPU.Build.0 = Release|Any CPU
		{AD13CC82-C930-4A3C-B18D-91372356AFB6}.Debug|Any CPU.ActiveCfg = Debug|Any CPU
		{AD13CC82-C930-4A3C-B18D-91372356AFB6}.Debug|Any CPU.Build.0 = Debug|Any CPU
		{AD13CC82-C930-4A3C-B18D-91372356AFB6}.Release|Any CPU.ActiveCfg = Release|Any CPU
		{AD13CC82-C930-4A3C-B18D-91372356AFB6}.Release|Any CPU.Build.0 = Release|Any CPU
		{A4DBFE13-33EE-4025-BB01-7A97C1C10ACB}.Debug|Any CPU.ActiveCfg = Debug|Any CPU
		{A4DBFE13-33EE-4025-BB01-7A97C1C10ACB}.Debug|Any CPU.Build.0 = Debug|Any CPU
		{A4DBFE13-33EE-4025-BB01-7A97C1C10ACB}.Release|Any CPU.ActiveCfg = Release|Any CPU
		{A4DBFE13-33EE-4025-BB01-7A97C1C10ACB}.Release|Any CPU.Build.0 = Release|Any CPU
		{EFC98CBA-CE2D-49EC-A7AF-8EF0FE2F0F74}.Debug|Any CPU.ActiveCfg = Debug|Any CPU
		{EFC98CBA-CE2D-49EC-A7AF-8EF0FE2F0F74}.Debug|Any CPU.Build.0 = Debug|Any CPU
		{EFC98CBA-CE2D-49EC-A7AF-8EF0FE2F0F74}.Release|Any CPU.ActiveCfg = Release|Any CPU
		{EFC98CBA-CE2D-49EC-A7AF-8EF0FE2F0F74}.Release|Any CPU.Build.0 = Release|Any CPU
		{0AA8E088-30DD-48EC-AEDF-466DBA3050FB}.Debug|Any CPU.ActiveCfg = Debug|Any CPU
		{0AA8E088-30DD-48EC-AEDF-466DBA3050FB}.Debug|Any CPU.Build.0 = Debug|Any CPU
		{0AA8E088-30DD-48EC-AEDF-466DBA3050FB}.Release|Any CPU.ActiveCfg = Release|Any CPU
		{0AA8E088-30DD-48EC-AEDF-466DBA3050FB}.Release|Any CPU.Build.0 = Release|Any CPU
		{4BAFF15C-5CF2-452C-BFB4-11FCAA4640BA}.Debug|Any CPU.ActiveCfg = Debug|Any CPU
		{4BAFF15C-5CF2-452C-BFB4-11FCAA4640BA}.Debug|Any CPU.Build.0 = Debug|Any CPU
		{4BAFF15C-5CF2-452C-BFB4-11FCAA4640BA}.Release|Any CPU.ActiveCfg = Release|Any CPU
		{4BAFF15C-5CF2-452C-BFB4-11FCAA4640BA}.Release|Any CPU.Build.0 = Release|Any CPU
		{E865975F-A487-4E8F-9E0F-AF24037F5017}.Debug|Any CPU.ActiveCfg = Debug|Any CPU
		{E865975F-A487-4E8F-9E0F-AF24037F5017}.Debug|Any CPU.Build.0 = Debug|Any CPU
		{E865975F-A487-4E8F-9E0F-AF24037F5017}.Release|Any CPU.ActiveCfg = Release|Any CPU
		{E865975F-A487-4E8F-9E0F-AF24037F5017}.Release|Any CPU.Build.0 = Release|Any CPU
		{D04957A4-9F72-4260-AF40-DFAFF2F53A90}.Debug|Any CPU.ActiveCfg = Debug|Any CPU
		{D04957A4-9F72-4260-AF40-DFAFF2F53A90}.Debug|Any CPU.Build.0 = Debug|Any CPU
		{D04957A4-9F72-4260-AF40-DFAFF2F53A90}.Release|Any CPU.ActiveCfg = Release|Any CPU
		{D04957A4-9F72-4260-AF40-DFAFF2F53A90}.Release|Any CPU.Build.0 = Release|Any CPU
		{12B8EA4A-312A-4237-82DA-D0EBFA3F565E}.Debug|Any CPU.ActiveCfg = Debug|Any CPU
		{12B8EA4A-312A-4237-82DA-D0EBFA3F565E}.Debug|Any CPU.Build.0 = Debug|Any CPU
		{12B8EA4A-312A-4237-82DA-D0EBFA3F565E}.Release|Any CPU.ActiveCfg = Release|Any CPU
		{12B8EA4A-312A-4237-82DA-D0EBFA3F565E}.Release|Any CPU.Build.0 = Release|Any CPU
		{D493884D-955F-4DF8-BFF5-7C8DCFC23EAD}.Debug|Any CPU.ActiveCfg = Debug|Any CPU
		{D493884D-955F-4DF8-BFF5-7C8DCFC23EAD}.Debug|Any CPU.Build.0 = Debug|Any CPU
		{D493884D-955F-4DF8-BFF5-7C8DCFC23EAD}.Release|Any CPU.ActiveCfg = Release|Any CPU
		{D493884D-955F-4DF8-BFF5-7C8DCFC23EAD}.Release|Any CPU.Build.0 = Release|Any CPU
	EndGlobalSection
	GlobalSection(SolutionProperties) = preSolution
		HideSolutionNode = FALSE
	EndGlobalSection
	GlobalSection(ExtensibilityGlobals) = postSolution
		SolutionGuid = {9C966F3B-6FC4-4250-977D-2C40EB83B221}
	EndGlobalSection
EndGlobal
