
Microsoft Visual Studio Solution File, Format Version 12.00
# Visual Studio Version 17
VisualStudioVersion = 17.4.33213.308
MinimumVisualStudioVersion = 10.0.40219.1
Project("{9A19103F-16F7-4668-BE54-9A1E7A4F7556}") = "Exercise01", "Exercise01\Exercise01.csproj", "{987708E6-96F9-461B-A0EE-76B717B9C3C7}"
EndProject
Project("{9A19103F-16F7-4668-BE54-9A1E7A4F7556}") = "Exercise02", "Exercise02\Exercise02.csproj", "{01194EE7-045E-4B0D-8E30-C50BBC2FC55B}"
EndProject
Project("{9A19103F-16F7-4668-BE54-9A1E7A4F7556}") = "Exercise03", "Exercise03\Exercise03.csproj", "{A195F7EF-39AC-43A3-A0C9-58A1FB8E5C3D}"
EndProject
Project("{9A19103F-16F7-4668-BE54-9A1E7A4F7556}") = "Exercise04", "Exercise04\Exercise04.csproj", "{ED8A5C0D-A926-4870-8682-0ABE235CE0D1}"
EndProject
Project("{9A19103F-16F7-4668-BE54-9A1E7A4F7556}") = "Exercise05", "Exercise05\Exercise05.csproj", "{B51834CD-128F-439A-AF45-81635066F4F1}"
EndProject
Project("{9A19103F-16F7-4668-BE54-9A1E7A4F7556}") = "Exercise06", "Exercise06\Exercise06.csproj", "{E1E9D1F9-4DC1-4C05-B60E-635B52F8EDD3}"
EndProject
Project("{9A19103F-16F7-4668-BE54-9A1E7A4F7556}") = "Exercise06.1", "Exercise06.1\Exercise06.1.csproj", "{44DBAE4E-F254-40BF-B24A-FA44EF92D8D9}"
EndProject
Project("{9A19103F-16F7-4668-BE54-9A1E7A4F7556}") = "Exercise07", "Exercise07\Exercise07.csproj", "{3D53CD03-8B01-4B54-AEE2-1F64E3E597C4}"
EndProject
Project("{FAE04EC0-301F-11D3-BF4B-00C04F79EFBC}") = "Exercise07.1", "Exercise07.1\Exercise07.1.csproj", "{CA5B5FC9-D60E-4AB3-9D22-768E29761404}"
EndProject
Project("{FAE04EC0-301F-11D3-BF4B-00C04F79EFBC}") = "Exercise08", "Exercise08\Exercise08.csproj", "{4A0AFC4E-C2BE-4DBA-99B6-AAF8B5E71CD1}"
EndProject
Project("{FAE04EC0-301F-11D3-BF4B-00C04F79EFBC}") = "Exercise09", "Exercise09\Exercise09.csproj", "{94C3A07F-664B-4F29-BFA7-DD3FAFFC887D}"
EndProject
Global
	GlobalSection(SolutionConfigurationPlatforms) = preSolution
		Debug|Any CPU = Debug|Any CPU
		Release|Any CPU = Release|Any CPU
	EndGlobalSection
	GlobalSection(ProjectConfigurationPlatforms) = postSolution
		{987708E6-96F9-461B-A0EE-76B717B9C3C7}.Debug|Any CPU.ActiveCfg = Debug|Any CPU
		{987708E6-96F9-461B-A0EE-76B717B9C3C7}.Debug|Any CPU.Build.0 = Debug|Any CPU
		{987708E6-96F9-461B-A0EE-76B717B9C3C7}.Release|Any CPU.ActiveCfg = Release|Any CPU
		{987708E6-96F9-461B-A0EE-76B717B9C3C7}.Release|Any CPU.Build.0 = Release|Any CPU
		{01194EE7-045E-4B0D-8E30-C50BBC2FC55B}.Debug|Any CPU.ActiveCfg = Debug|Any CPU
		{01194EE7-045E-4B0D-8E30-C50BBC2FC55B}.Debug|Any CPU.Build.0 = Debug|Any CPU
		{01194EE7-045E-4B0D-8E30-C50BBC2FC55B}.Release|Any CPU.ActiveCfg = Release|Any CPU
		{01194EE7-045E-4B0D-8E30-C50BBC2FC55B}.Release|Any CPU.Build.0 = Release|Any CPU
		{A195F7EF-39AC-43A3-A0C9-58A1FB8E5C3D}.Debug|Any CPU.ActiveCfg = Debug|Any CPU
		{A195F7EF-39AC-43A3-A0C9-58A1FB8E5C3D}.Debug|Any CPU.Build.0 = Debug|Any CPU
		{A195F7EF-39AC-43A3-A0C9-58A1FB8E5C3D}.Release|Any CPU.ActiveCfg = Release|Any CPU
		{A195F7EF-39AC-43A3-A0C9-58A1FB8E5C3D}.Release|Any CPU.Build.0 = Release|Any CPU
		{ED8A5C0D-A926-4870-8682-0ABE235CE0D1}.Debug|Any CPU.ActiveCfg = Debug|Any CPU
		{ED8A5C0D-A926-4870-8682-0ABE235CE0D1}.Debug|Any CPU.Build.0 = Debug|Any CPU
		{ED8A5C0D-A926-4870-8682-0ABE235CE0D1}.Release|Any CPU.ActiveCfg = Release|Any CPU
		{ED8A5C0D-A926-4870-8682-0ABE235CE0D1}.Release|Any CPU.Build.0 = Release|Any CPU
		{B51834CD-128F-439A-AF45-81635066F4F1}.Debug|Any CPU.ActiveCfg = Debug|Any CPU
		{B51834CD-128F-439A-AF45-81635066F4F1}.Debug|Any CPU.Build.0 = Debug|Any CPU
		{B51834CD-128F-439A-AF45-81635066F4F1}.Release|Any CPU.ActiveCfg = Release|Any CPU
		{B51834CD-128F-439A-AF45-81635066F4F1}.Release|Any CPU.Build.0 = Release|Any CPU
		{E1E9D1F9-4DC1-4C05-B60E-635B52F8EDD3}.Debug|Any CPU.ActiveCfg = Debug|Any CPU
		{E1E9D1F9-4DC1-4C05-B60E-635B52F8EDD3}.Debug|Any CPU.Build.0 = Debug|Any CPU
		{E1E9D1F9-4DC1-4C05-B60E-635B52F8EDD3}.Release|Any CPU.ActiveCfg = Release|Any CPU
		{E1E9D1F9-4DC1-4C05-B60E-635B52F8EDD3}.Release|Any CPU.Build.0 = Release|Any CPU
		{44DBAE4E-F254-40BF-B24A-FA44EF92D8D9}.Debug|Any CPU.ActiveCfg = Debug|Any CPU
		{44DBAE4E-F254-40BF-B24A-FA44EF92D8D9}.Debug|Any CPU.Build.0 = Debug|Any CPU
		{44DBAE4E-F254-40BF-B24A-FA44EF92D8D9}.Release|Any CPU.ActiveCfg = Release|Any CPU
		{44DBAE4E-F254-40BF-B24A-FA44EF92D8D9}.Release|Any CPU.Build.0 = Release|Any CPU
		{3D53CD03-8B01-4B54-AEE2-1F64E3E597C4}.Debug|Any CPU.ActiveCfg = Debug|Any CPU
		{3D53CD03-8B01-4B54-AEE2-1F64E3E597C4}.Debug|Any CPU.Build.0 = Debug|Any CPU
		{3D53CD03-8B01-4B54-AEE2-1F64E3E597C4}.Release|Any CPU.ActiveCfg = Release|Any CPU
		{3D53CD03-8B01-4B54-AEE2-1F64E3E597C4}.Release|Any CPU.Build.0 = Release|Any CPU
		{CA5B5FC9-D60E-4AB3-9D22-768E29761404}.Debug|Any CPU.ActiveCfg = Debug|Any CPU
		{CA5B5FC9-D60E-4AB3-9D22-768E29761404}.Debug|Any CPU.Build.0 = Debug|Any CPU
		{CA5B5FC9-D60E-4AB3-9D22-768E29761404}.Release|Any CPU.ActiveCfg = Release|Any CPU
		{CA5B5FC9-D60E-4AB3-9D22-768E29761404}.Release|Any CPU.Build.0 = Release|Any CPU
		{4A0AFC4E-C2BE-4DBA-99B6-AAF8B5E71CD1}.Debug|Any CPU.ActiveCfg = Debug|Any CPU
		{4A0AFC4E-C2BE-4DBA-99B6-AAF8B5E71CD1}.Debug|Any CPU.Build.0 = Debug|Any CPU
		{4A0AFC4E-C2BE-4DBA-99B6-AAF8B5E71CD1}.Release|Any CPU.ActiveCfg = Release|Any CPU
		{4A0AFC4E-C2BE-4DBA-99B6-AAF8B5E71CD1}.Release|Any CPU.Build.0 = Release|Any CPU
		{94C3A07F-664B-4F29-BFA7-DD3FAFFC887D}.Debug|Any CPU.ActiveCfg = Debug|Any CPU
		{94C3A07F-664B-4F29-BFA7-DD3FAFFC887D}.Debug|Any CPU.Build.0 = Debug|Any CPU
		{94C3A07F-664B-4F29-BFA7-DD3FAFFC887D}.Release|Any CPU.ActiveCfg = Release|Any CPU
		{94C3A07F-664B-4F29-BFA7-DD3FAFFC887D}.Release|Any CPU.Build.0 = Release|Any CPU
	EndGlobalSection
	GlobalSection(SolutionProperties) = preSolution
		HideSolutionNode = FALSE
	EndGlobalSection
	GlobalSection(ExtensibilityGlobals) = postSolution
		SolutionGuid = {0B9E8AD7-9CCF-47DA-BE45-8257EF427278}
	EndGlobalSection
EndGlobal
