
Microsoft Visual Studio Solution File, Format Version 12.00
# Visual Studio Version 17
VisualStudioVersion = 17.4.33213.308
MinimumVisualStudioVersion = 10.0.40219.1
Project("{FAE04EC0-301F-11D3-BF4B-00C04F79EFBC}") = "Exercise01", "Exercise01\Exercise01.csproj", "{987708E6-96F9-461B-A0EE-76B717B9C3C7}"
EndProject
Global
	GlobalSection(SolutionConfigurationPlatforms) = preSolution
		Debug|Any CPU = Debug|Any CPU
		Release|Any CPU = Release|Any CPU
	EndGlobalSection
	GlobalSection(ProjectConfigurationPlatforms) = postSolution
		{987708E6-96F9-461B-A0EE-76B717B9C3C7}.Debug|Any CPU.ActiveCfg = Debug|Any CPU
		{987708E6-96F9-461B-A0EE-76B717B9C3C7}.Debug|Any CPU.Build.0 = Debug|Any CPU
		{987708E6-96F9-461B-A0EE-76B717B9C3C7}.Release|Any CPU.ActiveCfg = Release|Any CPU
		{987708E6-96F9-461B-A0EE-76B717B9C3C7}.Release|Any CPU.Build.0 = Release|Any CPU
	EndGlobalSection
	GlobalSection(SolutionProperties) = preSolution
		HideSolutionNode = FALSE
	EndGlobalSection
	GlobalSection(ExtensibilityGlobals) = postSolution
		SolutionGuid = {0B9E8AD7-9CCF-47DA-BE45-8257EF427278}
	EndGlobalSection
EndGlobal
